// !$*UTF8*$!
{
	archiveVersion = 1;
	classes = {
	};
	objectVersion = 46;
	objects = {

/* Begin PBXBuildFile section */
		1317BE0A19E4E55800002A5A /* UIKit.framework in Frameworks */ = {isa = PBXBuildFile; fileRef = 1317BE0719E4E52100002A5A /* UIKit.framework */; };
		1317BE0C19E4E56700002A5A /* Foundation.framework in Frameworks */ = {isa = PBXBuildFile; fileRef = 1317BE0B19E4E56700002A5A /* Foundation.framework */; };
		13312A8119DA5ACA00FF2EE5 /* main.m in Sources */ = {isa = PBXBuildFile; fileRef = 13312A8019DA5ACA00FF2EE5 /* main.m */; };
		13312A8419DA5ACA00FF2EE5 /* AppDelegate.m in Sources */ = {isa = PBXBuildFile; fileRef = 13312A8319DA5ACA00FF2EE5 /* AppDelegate.m */; };
		13312A8C19DA5ACA00FF2EE5 /* Images.xcassets in Resources */ = {isa = PBXBuildFile; fileRef = 13312A8B19DA5ACA00FF2EE5 /* Images.xcassets */; };
		13312A8F19DA5ACA00FF2EE5 /* LaunchScreen.xib in Resources */ = {isa = PBXBuildFile; fileRef = 13312A8D19DA5ACA00FF2EE5 /* LaunchScreen.xib */; };
		1387C0CA1EB2E08000C45310 /* BTLabel.m in Sources */ = {isa = PBXBuildFile; fileRef = 1387BF601EB2E07F00C45310 /* BTLabel.m */; };
		1387C0CB1EB2E08000C45310 /* MGSwipeTableCell.m in Sources */ = {isa = PBXBuildFile; fileRef = 1387BF631EB2E07F00C45310 /* MGSwipeTableCell.m */; };
		1387C0CC1EB2E08000C45310 /* OBShapedButton.m in Sources */ = {isa = PBXBuildFile; fileRef = 1387BF661EB2E07F00C45310 /* OBShapedButton.m */; };
		1387C0CD1EB2E08000C45310 /* NSMutableString+TagReplace.m in Sources */ = {isa = PBXBuildFile; fileRef = 1387BF6A1EB2E07F00C45310 /* NSMutableString+TagReplace.m */; };
		1387C0CE1EB2E08000C45310 /* NSString+WPAttributedMarkup.m in Sources */ = {isa = PBXBuildFile; fileRef = 1387BF6C1EB2E07F00C45310 /* NSString+WPAttributedMarkup.m */; };
		1387C0CF1EB2E08000C45310 /* YZKAttributedStyleAction.m in Sources */ = {isa = PBXBuildFile; fileRef = 1387BF6E1EB2E07F00C45310 /* YZKAttributedStyleAction.m */; };
		1387C0D01EB2E08000C45310 /* YZKTappableLabel.m in Sources */ = {isa = PBXBuildFile; fileRef = 1387BF701EB2E07F00C45310 /* YZKTappableLabel.m */; };
		1387C0D11EB2E08000C45310 /* YZKSelectTableView.m in Sources */ = {isa = PBXBuildFile; fileRef = 1387BF731EB2E07F00C45310 /* YZKSelectTableView.m */; };
		1387C0D21EB2E08000C45310 /* AESCrypt.m in Sources */ = {isa = PBXBuildFile; fileRef = 1387BF781EB2E07F00C45310 /* AESCrypt.m */; };
		1387C0D31EB2E08000C45310 /* NSData+CommonCrypto.m in Sources */ = {isa = PBXBuildFile; fileRef = 1387BF7B1EB2E07F00C45310 /* NSData+CommonCrypto.m */; };
		1387C0D41EB2E08000C45310 /* HMACCrypt.m in Sources */ = {isa = PBXBuildFile; fileRef = 1387BF7D1EB2E07F00C45310 /* HMACCrypt.m */; };
		1387C0D51EB2E08000C45310 /* GTMBase64.m in Sources */ = {isa = PBXBuildFile; fileRef = 1387BF801EB2E07F00C45310 /* GTMBase64.m */; };
		1387C0D61EB2E08000C45310 /* NSString+MD5.m in Sources */ = {isa = PBXBuildFile; fileRef = 1387BF841EB2E07F00C45310 /* NSString+MD5.m */; };
		1387C0D71EB2E08000C45310 /* NSArray+ContainObject.m in Sources */ = {isa = PBXBuildFile; fileRef = 1387BF881EB2E07F00C45310 /* NSArray+ContainObject.m */; };
		1387C0D81EB2E08000C45310 /* NSDate+Extension.m in Sources */ = {isa = PBXBuildFile; fileRef = 1387BF8C1EB2E07F00C45310 /* NSDate+Extension.m */; };
		1387C0D91EB2E08000C45310 /* NSDate+Format.m in Sources */ = {isa = PBXBuildFile; fileRef = 1387BF8E1EB2E07F00C45310 /* NSDate+Format.m */; };
		1387C0DA1EB2E08000C45310 /* NSFileManager+Paths.m in Sources */ = {isa = PBXBuildFile; fileRef = 1387BF921EB2E07F00C45310 /* NSFileManager+Paths.m */; };
		1387C0DB1EB2E08000C45310 /* NSObject+FaultTolerant.m in Sources */ = {isa = PBXBuildFile; fileRef = 1387BF961EB2E07F00C45310 /* NSObject+FaultTolerant.m */; };
		1387C0DC1EB2E08000C45310 /* NSString+GetTextSize.m in Sources */ = {isa = PBXBuildFile; fileRef = 1387BF9A1EB2E07F00C45310 /* NSString+GetTextSize.m */; };
		1387C0DD1EB2E08000C45310 /* NSString+PinYin.m in Sources */ = {isa = PBXBuildFile; fileRef = 1387BF9C1EB2E07F00C45310 /* NSString+PinYin.m */; };
		1387C0DE1EB2E08000C45310 /* NSString+Validation.m in Sources */ = {isa = PBXBuildFile; fileRef = 1387BF9E1EB2E07F00C45310 /* NSString+Validation.m */; };
		1387C0E41EB2E08000C45310 /* YZKLocalizableManager.m in Sources */ = {isa = PBXBuildFile; fileRef = 1387BFAA1EB2E07F00C45310 /* YZKLocalizableManager.m */; };
		1387C0E51EB2E08000C45310 /* GeneratorQRCodeViewController.m in Sources */ = {isa = PBXBuildFile; fileRef = 1387BFAD1EB2E07F00C45310 /* GeneratorQRCodeViewController.m */; };
		1387C0E61EB2E08000C45310 /* bitstream.c in Sources */ = {isa = PBXBuildFile; fileRef = 1387BFAF1EB2E07F00C45310 /* bitstream.c */; };
		1387C0E71EB2E08000C45310 /* mask.c in Sources */ = {isa = PBXBuildFile; fileRef = 1387BFB11EB2E07F00C45310 /* mask.c */; };
		1387C0E81EB2E08000C45310 /* QRCodeGenerator.m in Sources */ = {isa = PBXBuildFile; fileRef = 1387BFB41EB2E07F00C45310 /* QRCodeGenerator.m */; };
		1387C0E91EB2E08000C45310 /* qrencode.c in Sources */ = {isa = PBXBuildFile; fileRef = 1387BFB51EB2E07F00C45310 /* qrencode.c */; };
		1387C0EA1EB2E08000C45310 /* qrinput.c in Sources */ = {isa = PBXBuildFile; fileRef = 1387BFB71EB2E08000C45310 /* qrinput.c */; };
		1387C0EB1EB2E08000C45310 /* qrspec.c in Sources */ = {isa = PBXBuildFile; fileRef = 1387BFB91EB2E08000C45310 /* qrspec.c */; };
		1387C0EC1EB2E08000C45310 /* rscode.c in Sources */ = {isa = PBXBuildFile; fileRef = 1387BFBB1EB2E08000C45310 /* rscode.c */; };
		1387C0ED1EB2E08000C45310 /* split.c in Sources */ = {isa = PBXBuildFile; fileRef = 1387BFBD1EB2E08000C45310 /* split.c */; };
		1387C0EE1EB2E08000C45310 /* ScanQRCodeViewController.m in Sources */ = {isa = PBXBuildFile; fileRef = 1387BFC01EB2E08000C45310 /* ScanQRCodeViewController.m */; };
		1387C13B1EB2E08000C45310 /* UIButton+BackgroundColor.m in Sources */ = {isa = PBXBuildFile; fileRef = 1387C07A1EB2E08000C45310 /* UIButton+BackgroundColor.m */; };
		1387C13C1EB2E08000C45310 /* UIButton+CountDown.m in Sources */ = {isa = PBXBuildFile; fileRef = 1387C07C1EB2E08000C45310 /* UIButton+CountDown.m */; };
		1387C13D1EB2E08000C45310 /* UIColor+Gradient.m in Sources */ = {isa = PBXBuildFile; fileRef = 1387C0801EB2E08000C45310 /* UIColor+Gradient.m */; };
		1387C13E1EB2E08000C45310 /* UIColor+HEX.m in Sources */ = {isa = PBXBuildFile; fileRef = 1387C0821EB2E08000C45310 /* UIColor+HEX.m */; };
		1387C13F1EB2E08000C45310 /* UIControl+ActionBlocks.m in Sources */ = {isa = PBXBuildFile; fileRef = 1387C0861EB2E08000C45310 /* UIControl+ActionBlocks.m */; };
		1387C1401EB2E08000C45310 /* UIImage+HandlePicture.m in Sources */ = {isa = PBXBuildFile; fileRef = 1387C08A1EB2E08000C45310 /* UIImage+HandlePicture.m */; };
		1387C1411EB2E08000C45310 /* UIImage+ImageColor.m in Sources */ = {isa = PBXBuildFile; fileRef = 1387C08C1EB2E08000C45310 /* UIImage+ImageColor.m */; };
		1387C1421EB2E08000C45310 /* UIImage+ImageEffects.m in Sources */ = {isa = PBXBuildFile; fileRef = 1387C08E1EB2E08000C45310 /* UIImage+ImageEffects.m */; };
		1387C1431EB2E08000C45310 /* UILabel+GetTextSize.m in Sources */ = {isa = PBXBuildFile; fileRef = 1387C0921EB2E08000C45310 /* UILabel+GetTextSize.m */; };
		1387C1441EB2E08000C45310 /* UINavigationController+BATransitions.m in Sources */ = {isa = PBXBuildFile; fileRef = 1387C0961EB2E08000C45310 /* UINavigationController+BATransitions.m */; };
		1387C1451EB2E08000C45310 /* UINavigationController+StackManager.m in Sources */ = {isa = PBXBuildFile; fileRef = 1387C0981EB2E08000C45310 /* UINavigationController+StackManager.m */; };
		1387C1461EB2E08000C45310 /* UIScrollView+AutoContentSize.m in Sources */ = {isa = PBXBuildFile; fileRef = 1387C09C1EB2E08000C45310 /* UIScrollView+AutoContentSize.m */; };
		1387C1471EB2E08000C45310 /* UIView+Border.m in Sources */ = {isa = PBXBuildFile; fileRef = 1387C0A01EB2E08000C45310 /* UIView+Border.m */; };
		1387C1481EB2E08000C45310 /* UIView+Find.m in Sources */ = {isa = PBXBuildFile; fileRef = 1387C0A21EB2E08000C45310 /* UIView+Find.m */; };
		1387C1491EB2E08000C45310 /* UIView+RecursiveDescription.m in Sources */ = {isa = PBXBuildFile; fileRef = 1387C0A41EB2E08000C45310 /* UIView+RecursiveDescription.m */; };
		1387C14A1EB2E08000C45310 /* UIView+SampleFrame.m in Sources */ = {isa = PBXBuildFile; fileRef = 1387C0A61EB2E08000C45310 /* UIView+SampleFrame.m */; };
		1387C14B1EB2E08000C45310 /* UIView+Snapshot.m in Sources */ = {isa = PBXBuildFile; fileRef = 1387C0A81EB2E08000C45310 /* UIView+Snapshot.m */; };
		1387C14C1EB2E08000C45310 /* UIView+ViewController.m in Sources */ = {isa = PBXBuildFile; fileRef = 1387C0AA1EB2E08000C45310 /* UIView+ViewController.m */; };
		1387C14D1EB2E08000C45310 /* UIWindow+Hierarchy.m in Sources */ = {isa = PBXBuildFile; fileRef = 1387C0AE1EB2E08000C45310 /* UIWindow+Hierarchy.m */; };
		1387C14E1EB2E08000C45310 /* FirstViewController.m in Sources */ = {isa = PBXBuildFile; fileRef = 1387C0B21EB2E08000C45310 /* FirstViewController.m */; };
		1387C14F1EB2E08000C45310 /* MovieViewController.m in Sources */ = {isa = PBXBuildFile; fileRef = 1387C0B41EB2E08000C45310 /* MovieViewController.m */; };
		1387C1501EB2E08000C45310 /* BOAlertController.m in Sources */ = {isa = PBXBuildFile; fileRef = 1387C0B81EB2E08000C45310 /* BOAlertController.m */; };
		1387C1511EB2E08000C45310 /* UIActionSheet+Blocks.m in Sources */ = {isa = PBXBuildFile; fileRef = 1387C0BB1EB2E08000C45310 /* UIActionSheet+Blocks.m */; };
		1387C1521EB2E08000C45310 /* UIAlertView+Blocks.m in Sources */ = {isa = PBXBuildFile; fileRef = 1387C0BD1EB2E08000C45310 /* UIAlertView+Blocks.m */; };
		1387C1531EB2E08000C45310 /* RIButtonItem.m in Sources */ = {isa = PBXBuildFile; fileRef = 1387C0C01EB2E08000C45310 /* RIButtonItem.m */; };
		1387C1541EB2E08000C45310 /* YZKAlertManager.m in Sources */ = {isa = PBXBuildFile; fileRef = 1387C0C21EB2E08000C45310 /* YZKAlertManager.m */; };
		1387C1551EB2E08000C45310 /* SSKeychain.m in Sources */ = {isa = PBXBuildFile; fileRef = 1387C0C61EB2E08000C45310 /* SSKeychain.m */; };
		1387C1561EB2E08000C45310 /* YZKDeviceManager.m in Sources */ = {isa = PBXBuildFile; fileRef = 1387C0C81EB2E08000C45310 /* YZKDeviceManager.m */; };
		13AADB821B3D23F1002E77EF /* video01.mp4 in Resources */ = {isa = PBXBuildFile; fileRef = 13AADB811B3D23F1002E77EF /* video01.mp4 */; };
		13AADBA11B3D33E6002E77EF /* pic1@2x.png in Resources */ = {isa = PBXBuildFile; fileRef = 13AADBA01B3D33E6002E77EF /* pic1@2x.png */; };
		13AADBA71B3D3614002E77EF /* line@2x.png in Resources */ = {isa = PBXBuildFile; fileRef = 13AADBA51B3D3614002E77EF /* line@2x.png */; };
		13AADBA81B3D3614002E77EF /* pick_bg@2x.png in Resources */ = {isa = PBXBuildFile; fileRef = 13AADBA61B3D3614002E77EF /* pick_bg@2x.png */; };
		5C3EBE4920CC43C2266029D2 /* libPods-s.a in Frameworks */ = {isa = PBXBuildFile; fileRef = F16F977809935AE8AE410609 /* libPods-s.a */; };
		7BF8D56B1B40DE9D0046A3F1 /* CoreGraphics.framework in Frameworks */ = {isa = PBXBuildFile; fileRef = 7BF8D56A1B40DE9D0046A3F1 /* CoreGraphics.framework */; };
		7BF8D56D1B40DEA70046A3F1 /* QuartzCore.framework in Frameworks */ = {isa = PBXBuildFile; fileRef = 7BF8D56C1B40DEA70046A3F1 /* QuartzCore.framework */; };
		7BF8D56F1B40DEAE0046A3F1 /* CoreLocation.framework in Frameworks */ = {isa = PBXBuildFile; fileRef = 7BF8D56E1B40DEAE0046A3F1 /* CoreLocation.framework */; };
		7BF8D5711B40DEBB0046A3F1 /* CoreTelephony.framework in Frameworks */ = {isa = PBXBuildFile; fileRef = 7BF8D5701B40DEBB0046A3F1 /* CoreTelephony.framework */; };
		7BF8D5731B40DEC50046A3F1 /* SystemConfiguration.framework in Frameworks */ = {isa = PBXBuildFile; fileRef = 7BF8D5721B40DEC50046A3F1 /* SystemConfiguration.framework */; };
		7BF8D5751B40DECF0046A3F1 /* libz.dylib in Frameworks */ = {isa = PBXBuildFile; fileRef = 7BF8D5741B40DECF0046A3F1 /* libz.dylib */; };
		7BF8D5771B40DED90046A3F1 /* libstdc++.6.0.9.dylib in Frameworks */ = {isa = PBXBuildFile; fileRef = 7BF8D5761B40DED90046A3F1 /* libstdc++.6.0.9.dylib */; };
		7BF8D5791B40DEE00046A3F1 /* Security.framework in Frameworks */ = {isa = PBXBuildFile; fileRef = 7BF8D5781B40DEE00046A3F1 /* Security.framework */; };
		7BF8D57E1B40E7140046A3F1 /* greenPin_lift.png in Resources */ = {isa = PBXBuildFile; fileRef = 7BF8D57D1B40E7140046A3F1 /* greenPin_lift.png */; };
		A24788DC1B3B973B00782C32 /* SquareCollectionViewCell.m in Sources */ = {isa = PBXBuildFile; fileRef = A24788DB1B3B973B00782C32 /* SquareCollectionViewCell.m */; };
		A24788DE1B3BD20A00782C32 /* icon_choiceLife_DesignatedService@2x.png in Resources */ = {isa = PBXBuildFile; fileRef = A24788DD1B3BD20A00782C32 /* icon_choiceLife_DesignatedService@2x.png */; };
		A24788E11B3BF1B600782C32 /* NJKWebViewController.m in Sources */ = {isa = PBXBuildFile; fileRef = A24788E01B3BF1B600782C32 /* NJKWebViewController.m */; };
		A24788E41B3C000900782C32 /* StyledPageViewController.m in Sources */ = {isa = PBXBuildFile; fileRef = A24788E31B3C000900782C32 /* StyledPageViewController.m */; };
		A2490F011B3D2F79004F72C0 /* PageControlDemoTableViewCell.m in Sources */ = {isa = PBXBuildFile; fileRef = A2490F001B3D2F79004F72C0 /* PageControlDemoTableViewCell.m */; };
		A2490F061B3D30FC004F72C0 /* pagecontrol-thumb-normal.png in Resources */ = {isa = PBXBuildFile; fileRef = A2490F021B3D30FC004F72C0 /* pagecontrol-thumb-normal.png */; };
		A2490F071B3D30FC004F72C0 /* pagecontrol-thumb-normal@2x.png in Resources */ = {isa = PBXBuildFile; fileRef = A2490F031B3D30FC004F72C0 /* pagecontrol-thumb-normal@2x.png */; };
		A2490F081B3D30FC004F72C0 /* pagecontrol-thumb-selected.png in Resources */ = {isa = PBXBuildFile; fileRef = A2490F041B3D30FC004F72C0 /* pagecontrol-thumb-selected.png */; };
		A2490F091B3D30FC004F72C0 /* pagecontrol-thumb-selected@2x.png in Resources */ = {isa = PBXBuildFile; fileRef = A2490F051B3D30FC004F72C0 /* pagecontrol-thumb-selected@2x.png */; };
		A24F3BE61B3ABE850038DA7E /* WaterFallViewController.m in Sources */ = {isa = PBXBuildFile; fileRef = A24F3BE51B3ABE850038DA7E /* WaterFallViewController.m */; };
		A253480F1B38FB1300BFCB68 /* OBShapeedButtonViewController.m in Sources */ = {isa = PBXBuildFile; fileRef = A253480E1B38FB1300BFCB68 /* OBShapeedButtonViewController.m */; };
		A25348121B38FD2C00BFCB68 /* btn_toTop_normal@2x.png in Resources */ = {isa = PBXBuildFile; fileRef = A25348111B38FD2C00BFCB68 /* btn_toTop_normal@2x.png */; };
		A25348151B39004100BFCB68 /* SelectTableViewController.m in Sources */ = {isa = PBXBuildFile; fileRef = A25348141B39004100BFCB68 /* SelectTableViewController.m */; };
		A25348171B39047800BFCB68 /* icon_person_default@2x.png in Resources */ = {isa = PBXBuildFile; fileRef = A25348161B39047800BFCB68 /* icon_person_default@2x.png */; };
		A273248B1B33BBAD00A949B2 /* BaseViewController.m in Sources */ = {isa = PBXBuildFile; fileRef = A27324871B33BBAD00A949B2 /* BaseViewController.m */; };
		A273248C1B33BBAD00A949B2 /* RootViewController.m in Sources */ = {isa = PBXBuildFile; fileRef = A27324891B33BBAD00A949B2 /* RootViewController.m */; };
		A273248D1B33BBAD00A949B2 /* RootViewController.xib in Resources */ = {isa = PBXBuildFile; fileRef = A273248A1B33BBAD00A949B2 /* RootViewController.xib */; };
		A27324941B33BFE600A949B2 /* TappedLabelViewController.m in Sources */ = {isa = PBXBuildFile; fileRef = A27324931B33BFE600A949B2 /* TappedLabelViewController.m */; };
		A27324971B33E82100A949B2 /* BTLabelViewController.m in Sources */ = {isa = PBXBuildFile; fileRef = A27324961B33E82100A949B2 /* BTLabelViewController.m */; };
		A273249D1B33EFD400A949B2 /* SwipeTableCell.m in Sources */ = {isa = PBXBuildFile; fileRef = A273249C1B33EFD400A949B2 /* SwipeTableCell.m */; };
		A27324A01B33F36000A949B2 /* SwipeTableViewController.m in Sources */ = {isa = PBXBuildFile; fileRef = A273249F1B33F36000A949B2 /* SwipeTableViewController.m */; };
/* End PBXBuildFile section */

/* Begin PBXFileReference section */
		0BE871CC5D85BAFA14258666 /* Pods-s.debug.xcconfig */ = {isa = PBXFileReference; includeInIndex = 1; lastKnownFileType = text.xcconfig; name = "Pods-s.debug.xcconfig"; path = "Pods/Target Support Files/Pods-s/Pods-s.debug.xcconfig"; sourceTree = "<group>"; };
		1317BE0619E4D15B00002A5A /* s-Prefix.pch */ = {isa = PBXFileReference; lastKnownFileType = sourcecode.c.h; path = "s-Prefix.pch"; sourceTree = "<group>"; };
		1317BE0719E4E52100002A5A /* UIKit.framework */ = {isa = PBXFileReference; lastKnownFileType = wrapper.framework; name = UIKit.framework; path = System/Library/Frameworks/UIKit.framework; sourceTree = SDKROOT; };
		1317BE0B19E4E56700002A5A /* Foundation.framework */ = {isa = PBXFileReference; lastKnownFileType = wrapper.framework; name = Foundation.framework; path = System/Library/Frameworks/Foundation.framework; sourceTree = SDKROOT; };
		13312A7B19DA5ACA00FF2EE5 /* s.app */ = {isa = PBXFileReference; explicitFileType = wrapper.application; includeInIndex = 0; path = s.app; sourceTree = BUILT_PRODUCTS_DIR; };
		13312A7F19DA5ACA00FF2EE5 /* Info.plist */ = {isa = PBXFileReference; lastKnownFileType = text.plist.xml; path = Info.plist; sourceTree = "<group>"; };
		13312A8019DA5ACA00FF2EE5 /* main.m */ = {isa = PBXFileReference; lastKnownFileType = sourcecode.c.objc; path = main.m; sourceTree = "<group>"; };
		13312A8219DA5ACA00FF2EE5 /* AppDelegate.h */ = {isa = PBXFileReference; lastKnownFileType = sourcecode.c.h; path = AppDelegate.h; sourceTree = "<group>"; };
		13312A8319DA5ACA00FF2EE5 /* AppDelegate.m */ = {isa = PBXFileReference; lastKnownFileType = sourcecode.c.objc; path = AppDelegate.m; sourceTree = "<group>"; };
		13312A8B19DA5ACA00FF2EE5 /* Images.xcassets */ = {isa = PBXFileReference; lastKnownFileType = folder.assetcatalog; path = Images.xcassets; sourceTree = "<group>"; };
		13312A8E19DA5ACA00FF2EE5 /* Base */ = {isa = PBXFileReference; lastKnownFileType = file.xib; name = Base; path = Base.lproj/LaunchScreen.xib; sourceTree = "<group>"; };
		1387BF5F1EB2E07F00C45310 /* BTLabel.h */ = {isa = PBXFileReference; fileEncoding = 4; lastKnownFileType = sourcecode.c.h; path = BTLabel.h; sourceTree = "<group>"; };
		1387BF601EB2E07F00C45310 /* BTLabel.m */ = {isa = PBXFileReference; fileEncoding = 4; lastKnownFileType = sourcecode.c.objc; path = BTLabel.m; sourceTree = "<group>"; };
		1387BF621EB2E07F00C45310 /* MGSwipeTableCell.h */ = {isa = PBXFileReference; fileEncoding = 4; lastKnownFileType = sourcecode.c.h; path = MGSwipeTableCell.h; sourceTree = "<group>"; };
		1387BF631EB2E07F00C45310 /* MGSwipeTableCell.m */ = {isa = PBXFileReference; fileEncoding = 4; lastKnownFileType = sourcecode.c.objc; path = MGSwipeTableCell.m; sourceTree = "<group>"; };
		1387BF651EB2E07F00C45310 /* OBShapedButton.h */ = {isa = PBXFileReference; fileEncoding = 4; lastKnownFileType = sourcecode.c.h; path = OBShapedButton.h; sourceTree = "<group>"; };
		1387BF661EB2E07F00C45310 /* OBShapedButton.m */ = {isa = PBXFileReference; fileEncoding = 4; lastKnownFileType = sourcecode.c.objc; path = OBShapedButton.m; sourceTree = "<group>"; };
		1387BF691EB2E07F00C45310 /* NSMutableString+TagReplace.h */ = {isa = PBXFileReference; fileEncoding = 4; lastKnownFileType = sourcecode.c.h; path = "NSMutableString+TagReplace.h"; sourceTree = "<group>"; };
		1387BF6A1EB2E07F00C45310 /* NSMutableString+TagReplace.m */ = {isa = PBXFileReference; fileEncoding = 4; lastKnownFileType = sourcecode.c.objc; path = "NSMutableString+TagReplace.m"; sourceTree = "<group>"; };
		1387BF6B1EB2E07F00C45310 /* NSString+WPAttributedMarkup.h */ = {isa = PBXFileReference; fileEncoding = 4; lastKnownFileType = sourcecode.c.h; path = "NSString+WPAttributedMarkup.h"; sourceTree = "<group>"; };
		1387BF6C1EB2E07F00C45310 /* NSString+WPAttributedMarkup.m */ = {isa = PBXFileReference; fileEncoding = 4; lastKnownFileType = sourcecode.c.objc; path = "NSString+WPAttributedMarkup.m"; sourceTree = "<group>"; };
		1387BF6D1EB2E07F00C45310 /* YZKAttributedStyleAction.h */ = {isa = PBXFileReference; fileEncoding = 4; lastKnownFileType = sourcecode.c.h; path = YZKAttributedStyleAction.h; sourceTree = "<group>"; };
		1387BF6E1EB2E07F00C45310 /* YZKAttributedStyleAction.m */ = {isa = PBXFileReference; fileEncoding = 4; lastKnownFileType = sourcecode.c.objc; path = YZKAttributedStyleAction.m; sourceTree = "<group>"; };
		1387BF6F1EB2E07F00C45310 /* YZKTappableLabel.h */ = {isa = PBXFileReference; fileEncoding = 4; lastKnownFileType = sourcecode.c.h; path = YZKTappableLabel.h; sourceTree = "<group>"; };
		1387BF701EB2E07F00C45310 /* YZKTappableLabel.m */ = {isa = PBXFileReference; fileEncoding = 4; lastKnownFileType = sourcecode.c.objc; path = YZKTappableLabel.m; sourceTree = "<group>"; };
		1387BF721EB2E07F00C45310 /* YZKSelectTableView.h */ = {isa = PBXFileReference; fileEncoding = 4; lastKnownFileType = sourcecode.c.h; path = YZKSelectTableView.h; sourceTree = "<group>"; };
		1387BF731EB2E07F00C45310 /* YZKSelectTableView.m */ = {isa = PBXFileReference; fileEncoding = 4; lastKnownFileType = sourcecode.c.objc; path = YZKSelectTableView.m; sourceTree = "<group>"; };
		1387BF751EB2E07F00C45310 /* Crypt.h */ = {isa = PBXFileReference; fileEncoding = 4; lastKnownFileType = sourcecode.c.h; path = Crypt.h; sourceTree = "<group>"; };
		1387BF771EB2E07F00C45310 /* AESCrypt.h */ = {isa = PBXFileReference; fileEncoding = 4; lastKnownFileType = sourcecode.c.h; path = AESCrypt.h; sourceTree = "<group>"; };
		1387BF781EB2E07F00C45310 /* AESCrypt.m */ = {isa = PBXFileReference; fileEncoding = 4; lastKnownFileType = sourcecode.c.objc; path = AESCrypt.m; sourceTree = "<group>"; };
		1387BF7A1EB2E07F00C45310 /* NSData+CommonCrypto.h */ = {isa = PBXFileReference; fileEncoding = 4; lastKnownFileType = sourcecode.c.h; path = "NSData+CommonCrypto.h"; sourceTree = "<group>"; };
		1387BF7B1EB2E07F00C45310 /* NSData+CommonCrypto.m */ = {isa = PBXFileReference; fileEncoding = 4; lastKnownFileType = sourcecode.c.objc; path = "NSData+CommonCrypto.m"; sourceTree = "<group>"; };
		1387BF7C1EB2E07F00C45310 /* HMACCrypt.h */ = {isa = PBXFileReference; fileEncoding = 4; lastKnownFileType = sourcecode.c.h; path = HMACCrypt.h; sourceTree = "<group>"; };
		1387BF7D1EB2E07F00C45310 /* HMACCrypt.m */ = {isa = PBXFileReference; fileEncoding = 4; lastKnownFileType = sourcecode.c.objc; path = HMACCrypt.m; sourceTree = "<group>"; };
		1387BF7F1EB2E07F00C45310 /* GTMBase64.h */ = {isa = PBXFileReference; fileEncoding = 4; lastKnownFileType = sourcecode.c.h; path = GTMBase64.h; sourceTree = "<group>"; };
		1387BF801EB2E07F00C45310 /* GTMBase64.m */ = {isa = PBXFileReference; fileEncoding = 4; lastKnownFileType = sourcecode.c.objc; path = GTMBase64.m; sourceTree = "<group>"; };
		1387BF811EB2E07F00C45310 /* GTMDefines.h */ = {isa = PBXFileReference; fileEncoding = 4; lastKnownFileType = sourcecode.c.h; path = GTMDefines.h; sourceTree = "<group>"; };
		1387BF831EB2E07F00C45310 /* NSString+MD5.h */ = {isa = PBXFileReference; fileEncoding = 4; lastKnownFileType = sourcecode.c.h; path = "NSString+MD5.h"; sourceTree = "<group>"; };
		1387BF841EB2E07F00C45310 /* NSString+MD5.m */ = {isa = PBXFileReference; fileEncoding = 4; lastKnownFileType = sourcecode.c.objc; path = "NSString+MD5.m"; sourceTree = "<group>"; };
		1387BF871EB2E07F00C45310 /* NSArray+ContainObject.h */ = {isa = PBXFileReference; fileEncoding = 4; lastKnownFileType = sourcecode.c.h; path = "NSArray+ContainObject.h"; sourceTree = "<group>"; };
		1387BF881EB2E07F00C45310 /* NSArray+ContainObject.m */ = {isa = PBXFileReference; fileEncoding = 4; lastKnownFileType = sourcecode.c.objc; path = "NSArray+ContainObject.m"; sourceTree = "<group>"; };
		1387BF891EB2E07F00C45310 /* YZKUtilsArray.h */ = {isa = PBXFileReference; fileEncoding = 4; lastKnownFileType = sourcecode.c.h; path = YZKUtilsArray.h; sourceTree = "<group>"; };
		1387BF8B1EB2E07F00C45310 /* NSDate+Extension.h */ = {isa = PBXFileReference; fileEncoding = 4; lastKnownFileType = sourcecode.c.h; path = "NSDate+Extension.h"; sourceTree = "<group>"; };
		1387BF8C1EB2E07F00C45310 /* NSDate+Extension.m */ = {isa = PBXFileReference; fileEncoding = 4; lastKnownFileType = sourcecode.c.objc; path = "NSDate+Extension.m"; sourceTree = "<group>"; };
		1387BF8D1EB2E07F00C45310 /* NSDate+Format.h */ = {isa = PBXFileReference; fileEncoding = 4; lastKnownFileType = sourcecode.c.h; path = "NSDate+Format.h"; sourceTree = "<group>"; };
		1387BF8E1EB2E07F00C45310 /* NSDate+Format.m */ = {isa = PBXFileReference; fileEncoding = 4; lastKnownFileType = sourcecode.c.objc; path = "NSDate+Format.m"; sourceTree = "<group>"; };
		1387BF8F1EB2E07F00C45310 /* YZKUtilsDate.h */ = {isa = PBXFileReference; fileEncoding = 4; lastKnownFileType = sourcecode.c.h; path = YZKUtilsDate.h; sourceTree = "<group>"; };
		1387BF911EB2E07F00C45310 /* NSFileManager+Paths.h */ = {isa = PBXFileReference; fileEncoding = 4; lastKnownFileType = sourcecode.c.h; path = "NSFileManager+Paths.h"; sourceTree = "<group>"; };
		1387BF921EB2E07F00C45310 /* NSFileManager+Paths.m */ = {isa = PBXFileReference; fileEncoding = 4; lastKnownFileType = sourcecode.c.objc; path = "NSFileManager+Paths.m"; sourceTree = "<group>"; };
		1387BF931EB2E07F00C45310 /* YZKUtilsFileManager.h */ = {isa = PBXFileReference; fileEncoding = 4; lastKnownFileType = sourcecode.c.h; path = YZKUtilsFileManager.h; sourceTree = "<group>"; };
		1387BF951EB2E07F00C45310 /* NSObject+FaultTolerant.h */ = {isa = PBXFileReference; fileEncoding = 4; lastKnownFileType = sourcecode.c.h; path = "NSObject+FaultTolerant.h"; sourceTree = "<group>"; };
		1387BF961EB2E07F00C45310 /* NSObject+FaultTolerant.m */ = {isa = PBXFileReference; fileEncoding = 4; lastKnownFileType = sourcecode.c.objc; path = "NSObject+FaultTolerant.m"; sourceTree = "<group>"; };
		1387BF971EB2E07F00C45310 /* YZKUtilsObject.h */ = {isa = PBXFileReference; fileEncoding = 4; lastKnownFileType = sourcecode.c.h; path = YZKUtilsObject.h; sourceTree = "<group>"; };
		1387BF991EB2E07F00C45310 /* NSString+GetTextSize.h */ = {isa = PBXFileReference; fileEncoding = 4; lastKnownFileType = sourcecode.c.h; path = "NSString+GetTextSize.h"; sourceTree = "<group>"; };
		1387BF9A1EB2E07F00C45310 /* NSString+GetTextSize.m */ = {isa = PBXFileReference; fileEncoding = 4; lastKnownFileType = sourcecode.c.objc; path = "NSString+GetTextSize.m"; sourceTree = "<group>"; };
		1387BF9B1EB2E07F00C45310 /* NSString+PinYin.h */ = {isa = PBXFileReference; fileEncoding = 4; lastKnownFileType = sourcecode.c.h; path = "NSString+PinYin.h"; sourceTree = "<group>"; };
		1387BF9C1EB2E07F00C45310 /* NSString+PinYin.m */ = {isa = PBXFileReference; fileEncoding = 4; lastKnownFileType = sourcecode.c.objc; path = "NSString+PinYin.m"; sourceTree = "<group>"; };
		1387BF9D1EB2E07F00C45310 /* NSString+Validation.h */ = {isa = PBXFileReference; fileEncoding = 4; lastKnownFileType = sourcecode.c.h; path = "NSString+Validation.h"; sourceTree = "<group>"; };
		1387BF9E1EB2E07F00C45310 /* NSString+Validation.m */ = {isa = PBXFileReference; fileEncoding = 4; lastKnownFileType = sourcecode.c.objc; path = "NSString+Validation.m"; sourceTree = "<group>"; };
		1387BF9F1EB2E07F00C45310 /* YZKUtilsString.h */ = {isa = PBXFileReference; fileEncoding = 4; lastKnownFileType = sourcecode.c.h; path = YZKUtilsString.h; sourceTree = "<group>"; };
		1387BFA91EB2E07F00C45310 /* YZKLocalizableManager.h */ = {isa = PBXFileReference; fileEncoding = 4; lastKnownFileType = sourcecode.c.h; path = YZKLocalizableManager.h; sourceTree = "<group>"; };
		1387BFAA1EB2E07F00C45310 /* YZKLocalizableManager.m */ = {isa = PBXFileReference; fileEncoding = 4; lastKnownFileType = sourcecode.c.objc; path = YZKLocalizableManager.m; sourceTree = "<group>"; };
		1387BFAC1EB2E07F00C45310 /* GeneratorQRCodeViewController.h */ = {isa = PBXFileReference; fileEncoding = 4; lastKnownFileType = sourcecode.c.h; path = GeneratorQRCodeViewController.h; sourceTree = "<group>"; };
		1387BFAD1EB2E07F00C45310 /* GeneratorQRCodeViewController.m */ = {isa = PBXFileReference; fileEncoding = 4; lastKnownFileType = sourcecode.c.objc; path = GeneratorQRCodeViewController.m; sourceTree = "<group>"; };
		1387BFAF1EB2E07F00C45310 /* bitstream.c */ = {isa = PBXFileReference; fileEncoding = 4; lastKnownFileType = sourcecode.c.c; path = bitstream.c; sourceTree = "<group>"; };
		1387BFB01EB2E07F00C45310 /* bitstream.h */ = {isa = PBXFileReference; fileEncoding = 4; lastKnownFileType = sourcecode.c.h; path = bitstream.h; sourceTree = "<group>"; };
		1387BFB11EB2E07F00C45310 /* mask.c */ = {isa = PBXFileReference; fileEncoding = 4; lastKnownFileType = sourcecode.c.c; path = mask.c; sourceTree = "<group>"; };
		1387BFB21EB2E07F00C45310 /* mask.h */ = {isa = PBXFileReference; fileEncoding = 4; lastKnownFileType = sourcecode.c.h; path = mask.h; sourceTree = "<group>"; };
		1387BFB31EB2E07F00C45310 /* QRCodeGenerator.h */ = {isa = PBXFileReference; fileEncoding = 4; lastKnownFileType = sourcecode.c.h; path = QRCodeGenerator.h; sourceTree = "<group>"; };
		1387BFB41EB2E07F00C45310 /* QRCodeGenerator.m */ = {isa = PBXFileReference; fileEncoding = 4; lastKnownFileType = sourcecode.c.objc; path = QRCodeGenerator.m; sourceTree = "<group>"; };
		1387BFB51EB2E07F00C45310 /* qrencode.c */ = {isa = PBXFileReference; fileEncoding = 4; lastKnownFileType = sourcecode.c.c; path = qrencode.c; sourceTree = "<group>"; };
		1387BFB61EB2E07F00C45310 /* qrencode.h */ = {isa = PBXFileReference; fileEncoding = 4; lastKnownFileType = sourcecode.c.h; path = qrencode.h; sourceTree = "<group>"; };
		1387BFB71EB2E08000C45310 /* qrinput.c */ = {isa = PBXFileReference; fileEncoding = 4; lastKnownFileType = sourcecode.c.c; path = qrinput.c; sourceTree = "<group>"; };
		1387BFB81EB2E08000C45310 /* qrinput.h */ = {isa = PBXFileReference; fileEncoding = 4; lastKnownFileType = sourcecode.c.h; path = qrinput.h; sourceTree = "<group>"; };
		1387BFB91EB2E08000C45310 /* qrspec.c */ = {isa = PBXFileReference; fileEncoding = 4; lastKnownFileType = sourcecode.c.c; path = qrspec.c; sourceTree = "<group>"; };
		1387BFBA1EB2E08000C45310 /* qrspec.h */ = {isa = PBXFileReference; fileEncoding = 4; lastKnownFileType = sourcecode.c.h; path = qrspec.h; sourceTree = "<group>"; };
		1387BFBB1EB2E08000C45310 /* rscode.c */ = {isa = PBXFileReference; fileEncoding = 4; lastKnownFileType = sourcecode.c.c; path = rscode.c; sourceTree = "<group>"; };
		1387BFBC1EB2E08000C45310 /* rscode.h */ = {isa = PBXFileReference; fileEncoding = 4; lastKnownFileType = sourcecode.c.h; path = rscode.h; sourceTree = "<group>"; };
		1387BFBD1EB2E08000C45310 /* split.c */ = {isa = PBXFileReference; fileEncoding = 4; lastKnownFileType = sourcecode.c.c; path = split.c; sourceTree = "<group>"; };
		1387BFBE1EB2E08000C45310 /* split.h */ = {isa = PBXFileReference; fileEncoding = 4; lastKnownFileType = sourcecode.c.h; path = split.h; sourceTree = "<group>"; };
		1387BFBF1EB2E08000C45310 /* ScanQRCodeViewController.h */ = {isa = PBXFileReference; fileEncoding = 4; lastKnownFileType = sourcecode.c.h; path = ScanQRCodeViewController.h; sourceTree = "<group>"; };
		1387BFC01EB2E08000C45310 /* ScanQRCodeViewController.m */ = {isa = PBXFileReference; fileEncoding = 4; lastKnownFileType = sourcecode.c.objc; path = ScanQRCodeViewController.m; sourceTree = "<group>"; };
		1387C0791EB2E08000C45310 /* UIButton+BackgroundColor.h */ = {isa = PBXFileReference; fileEncoding = 4; lastKnownFileType = sourcecode.c.h; path = "UIButton+BackgroundColor.h"; sourceTree = "<group>"; };
		1387C07A1EB2E08000C45310 /* UIButton+BackgroundColor.m */ = {isa = PBXFileReference; fileEncoding = 4; lastKnownFileType = sourcecode.c.objc; path = "UIButton+BackgroundColor.m"; sourceTree = "<group>"; };
		1387C07B1EB2E08000C45310 /* UIButton+CountDown.h */ = {isa = PBXFileReference; fileEncoding = 4; lastKnownFileType = sourcecode.c.h; path = "UIButton+CountDown.h"; sourceTree = "<group>"; };
		1387C07C1EB2E08000C45310 /* UIButton+CountDown.m */ = {isa = PBXFileReference; fileEncoding = 4; lastKnownFileType = sourcecode.c.objc; path = "UIButton+CountDown.m"; sourceTree = "<group>"; };
		1387C07D1EB2E08000C45310 /* YZKUtilsButton.h */ = {isa = PBXFileReference; fileEncoding = 4; lastKnownFileType = sourcecode.c.h; path = YZKUtilsButton.h; sourceTree = "<group>"; };
		1387C07F1EB2E08000C45310 /* UIColor+Gradient.h */ = {isa = PBXFileReference; fileEncoding = 4; lastKnownFileType = sourcecode.c.h; path = "UIColor+Gradient.h"; sourceTree = "<group>"; };
		1387C0801EB2E08000C45310 /* UIColor+Gradient.m */ = {isa = PBXFileReference; fileEncoding = 4; lastKnownFileType = sourcecode.c.objc; path = "UIColor+Gradient.m"; sourceTree = "<group>"; };
		1387C0811EB2E08000C45310 /* UIColor+HEX.h */ = {isa = PBXFileReference; fileEncoding = 4; lastKnownFileType = sourcecode.c.h; path = "UIColor+HEX.h"; sourceTree = "<group>"; };
		1387C0821EB2E08000C45310 /* UIColor+HEX.m */ = {isa = PBXFileReference; fileEncoding = 4; lastKnownFileType = sourcecode.c.objc; path = "UIColor+HEX.m"; sourceTree = "<group>"; };
		1387C0831EB2E08000C45310 /* YZKUtilsColor.h */ = {isa = PBXFileReference; fileEncoding = 4; lastKnownFileType = sourcecode.c.h; path = YZKUtilsColor.h; sourceTree = "<group>"; };
		1387C0851EB2E08000C45310 /* UIControl+ActionBlocks.h */ = {isa = PBXFileReference; fileEncoding = 4; lastKnownFileType = sourcecode.c.h; path = "UIControl+ActionBlocks.h"; sourceTree = "<group>"; };
		1387C0861EB2E08000C45310 /* UIControl+ActionBlocks.m */ = {isa = PBXFileReference; fileEncoding = 4; lastKnownFileType = sourcecode.c.objc; path = "UIControl+ActionBlocks.m"; sourceTree = "<group>"; };
		1387C0871EB2E08000C45310 /* YZKUtilsControl.h */ = {isa = PBXFileReference; fileEncoding = 4; lastKnownFileType = sourcecode.c.h; path = YZKUtilsControl.h; sourceTree = "<group>"; };
		1387C0891EB2E08000C45310 /* UIImage+HandlePicture.h */ = {isa = PBXFileReference; fileEncoding = 4; lastKnownFileType = sourcecode.c.h; path = "UIImage+HandlePicture.h"; sourceTree = "<group>"; };
		1387C08A1EB2E08000C45310 /* UIImage+HandlePicture.m */ = {isa = PBXFileReference; fileEncoding = 4; lastKnownFileType = sourcecode.c.objc; path = "UIImage+HandlePicture.m"; sourceTree = "<group>"; };
		1387C08B1EB2E08000C45310 /* UIImage+ImageColor.h */ = {isa = PBXFileReference; fileEncoding = 4; lastKnownFileType = sourcecode.c.h; path = "UIImage+ImageColor.h"; sourceTree = "<group>"; };
		1387C08C1EB2E08000C45310 /* UIImage+ImageColor.m */ = {isa = PBXFileReference; fileEncoding = 4; lastKnownFileType = sourcecode.c.objc; path = "UIImage+ImageColor.m"; sourceTree = "<group>"; };
		1387C08D1EB2E08000C45310 /* UIImage+ImageEffects.h */ = {isa = PBXFileReference; fileEncoding = 4; lastKnownFileType = sourcecode.c.h; path = "UIImage+ImageEffects.h"; sourceTree = "<group>"; };
		1387C08E1EB2E08000C45310 /* UIImage+ImageEffects.m */ = {isa = PBXFileReference; fileEncoding = 4; lastKnownFileType = sourcecode.c.objc; path = "UIImage+ImageEffects.m"; sourceTree = "<group>"; };
		1387C08F1EB2E08000C45310 /* YZKUtilsImage.h */ = {isa = PBXFileReference; fileEncoding = 4; lastKnownFileType = sourcecode.c.h; path = YZKUtilsImage.h; sourceTree = "<group>"; };
		1387C0911EB2E08000C45310 /* UILabel+GetTextSize.h */ = {isa = PBXFileReference; fileEncoding = 4; lastKnownFileType = sourcecode.c.h; path = "UILabel+GetTextSize.h"; sourceTree = "<group>"; };
		1387C0921EB2E08000C45310 /* UILabel+GetTextSize.m */ = {isa = PBXFileReference; fileEncoding = 4; lastKnownFileType = sourcecode.c.objc; path = "UILabel+GetTextSize.m"; sourceTree = "<group>"; };
		1387C0931EB2E08000C45310 /* YZKUtilsLabel.h */ = {isa = PBXFileReference; fileEncoding = 4; lastKnownFileType = sourcecode.c.h; path = YZKUtilsLabel.h; sourceTree = "<group>"; };
		1387C0951EB2E08000C45310 /* UINavigationController+BATransitions.h */ = {isa = PBXFileReference; fileEncoding = 4; lastKnownFileType = sourcecode.c.h; path = "UINavigationController+BATransitions.h"; sourceTree = "<group>"; };
		1387C0961EB2E08000C45310 /* UINavigationController+BATransitions.m */ = {isa = PBXFileReference; fileEncoding = 4; lastKnownFileType = sourcecode.c.objc; path = "UINavigationController+BATransitions.m"; sourceTree = "<group>"; };
		1387C0971EB2E08000C45310 /* UINavigationController+StackManager.h */ = {isa = PBXFileReference; fileEncoding = 4; lastKnownFileType = sourcecode.c.h; path = "UINavigationController+StackManager.h"; sourceTree = "<group>"; };
		1387C0981EB2E08000C45310 /* UINavigationController+StackManager.m */ = {isa = PBXFileReference; fileEncoding = 4; lastKnownFileType = sourcecode.c.objc; path = "UINavigationController+StackManager.m"; sourceTree = "<group>"; };
		1387C0991EB2E08000C45310 /* YZKUtilsNavigation.h */ = {isa = PBXFileReference; fileEncoding = 4; lastKnownFileType = sourcecode.c.h; path = YZKUtilsNavigation.h; sourceTree = "<group>"; };
		1387C09B1EB2E08000C45310 /* UIScrollView+AutoContentSize.h */ = {isa = PBXFileReference; fileEncoding = 4; lastKnownFileType = sourcecode.c.h; path = "UIScrollView+AutoContentSize.h"; sourceTree = "<group>"; };
		1387C09C1EB2E08000C45310 /* UIScrollView+AutoContentSize.m */ = {isa = PBXFileReference; fileEncoding = 4; lastKnownFileType = sourcecode.c.objc; path = "UIScrollView+AutoContentSize.m"; sourceTree = "<group>"; };
		1387C09D1EB2E08000C45310 /* YZKUtilsScrollView.h */ = {isa = PBXFileReference; fileEncoding = 4; lastKnownFileType = sourcecode.c.h; path = YZKUtilsScrollView.h; sourceTree = "<group>"; };
		1387C09F1EB2E08000C45310 /* UIView+Border.h */ = {isa = PBXFileReference; fileEncoding = 4; lastKnownFileType = sourcecode.c.h; path = "UIView+Border.h"; sourceTree = "<group>"; };
		1387C0A01EB2E08000C45310 /* UIView+Border.m */ = {isa = PBXFileReference; fileEncoding = 4; lastKnownFileType = sourcecode.c.objc; path = "UIView+Border.m"; sourceTree = "<group>"; };
		1387C0A11EB2E08000C45310 /* UIView+Find.h */ = {isa = PBXFileReference; fileEncoding = 4; lastKnownFileType = sourcecode.c.h; path = "UIView+Find.h"; sourceTree = "<group>"; };
		1387C0A21EB2E08000C45310 /* UIView+Find.m */ = {isa = PBXFileReference; fileEncoding = 4; lastKnownFileType = sourcecode.c.objc; path = "UIView+Find.m"; sourceTree = "<group>"; };
		1387C0A31EB2E08000C45310 /* UIView+RecursiveDescription.h */ = {isa = PBXFileReference; fileEncoding = 4; lastKnownFileType = sourcecode.c.h; path = "UIView+RecursiveDescription.h"; sourceTree = "<group>"; };
		1387C0A41EB2E08000C45310 /* UIView+RecursiveDescription.m */ = {isa = PBXFileReference; fileEncoding = 4; lastKnownFileType = sourcecode.c.objc; path = "UIView+RecursiveDescription.m"; sourceTree = "<group>"; };
		1387C0A51EB2E08000C45310 /* UIView+SampleFrame.h */ = {isa = PBXFileReference; fileEncoding = 4; lastKnownFileType = sourcecode.c.h; path = "UIView+SampleFrame.h"; sourceTree = "<group>"; };
		1387C0A61EB2E08000C45310 /* UIView+SampleFrame.m */ = {isa = PBXFileReference; fileEncoding = 4; lastKnownFileType = sourcecode.c.objc; path = "UIView+SampleFrame.m"; sourceTree = "<group>"; };
		1387C0A71EB2E08000C45310 /* UIView+Snapshot.h */ = {isa = PBXFileReference; fileEncoding = 4; lastKnownFileType = sourcecode.c.h; path = "UIView+Snapshot.h"; sourceTree = "<group>"; };
		1387C0A81EB2E08000C45310 /* UIView+Snapshot.m */ = {isa = PBXFileReference; fileEncoding = 4; lastKnownFileType = sourcecode.c.objc; path = "UIView+Snapshot.m"; sourceTree = "<group>"; };
		1387C0A91EB2E08000C45310 /* UIView+ViewController.h */ = {isa = PBXFileReference; fileEncoding = 4; lastKnownFileType = sourcecode.c.h; path = "UIView+ViewController.h"; sourceTree = "<group>"; };
		1387C0AA1EB2E08000C45310 /* UIView+ViewController.m */ = {isa = PBXFileReference; fileEncoding = 4; lastKnownFileType = sourcecode.c.objc; path = "UIView+ViewController.m"; sourceTree = "<group>"; };
		1387C0AB1EB2E08000C45310 /* YZKUtilsView.h */ = {isa = PBXFileReference; fileEncoding = 4; lastKnownFileType = sourcecode.c.h; path = YZKUtilsView.h; sourceTree = "<group>"; };
		1387C0AD1EB2E08000C45310 /* UIWindow+Hierarchy.h */ = {isa = PBXFileReference; fileEncoding = 4; lastKnownFileType = sourcecode.c.h; path = "UIWindow+Hierarchy.h"; sourceTree = "<group>"; };
		1387C0AE1EB2E08000C45310 /* UIWindow+Hierarchy.m */ = {isa = PBXFileReference; fileEncoding = 4; lastKnownFileType = sourcecode.c.objc; path = "UIWindow+Hierarchy.m"; sourceTree = "<group>"; };
		1387C0AF1EB2E08000C45310 /* YZKUtilsWindow.h */ = {isa = PBXFileReference; fileEncoding = 4; lastKnownFileType = sourcecode.c.h; path = YZKUtilsWindow.h; sourceTree = "<group>"; };
		1387C0B11EB2E08000C45310 /* FirstViewController.h */ = {isa = PBXFileReference; fileEncoding = 4; lastKnownFileType = sourcecode.c.h; path = FirstViewController.h; sourceTree = "<group>"; };
		1387C0B21EB2E08000C45310 /* FirstViewController.m */ = {isa = PBXFileReference; fileEncoding = 4; lastKnownFileType = sourcecode.c.objc; path = FirstViewController.m; sourceTree = "<group>"; };
		1387C0B31EB2E08000C45310 /* MovieViewController.h */ = {isa = PBXFileReference; fileEncoding = 4; lastKnownFileType = sourcecode.c.h; path = MovieViewController.h; sourceTree = "<group>"; };
		1387C0B41EB2E08000C45310 /* MovieViewController.m */ = {isa = PBXFileReference; fileEncoding = 4; lastKnownFileType = sourcecode.c.objc; path = MovieViewController.m; sourceTree = "<group>"; };
		1387C0B71EB2E08000C45310 /* BOAlertController.h */ = {isa = PBXFileReference; fileEncoding = 4; lastKnownFileType = sourcecode.c.h; path = BOAlertController.h; sourceTree = "<group>"; };
		1387C0B81EB2E08000C45310 /* BOAlertController.m */ = {isa = PBXFileReference; fileEncoding = 4; lastKnownFileType = sourcecode.c.objc; path = BOAlertController.m; sourceTree = "<group>"; };
		1387C0BA1EB2E08000C45310 /* UIActionSheet+Blocks.h */ = {isa = PBXFileReference; fileEncoding = 4; lastKnownFileType = sourcecode.c.h; path = "UIActionSheet+Blocks.h"; sourceTree = "<group>"; };
		1387C0BB1EB2E08000C45310 /* UIActionSheet+Blocks.m */ = {isa = PBXFileReference; fileEncoding = 4; lastKnownFileType = sourcecode.c.objc; path = "UIActionSheet+Blocks.m"; sourceTree = "<group>"; };
		1387C0BC1EB2E08000C45310 /* UIAlertView+Blocks.h */ = {isa = PBXFileReference; fileEncoding = 4; lastKnownFileType = sourcecode.c.h; path = "UIAlertView+Blocks.h"; sourceTree = "<group>"; };
		1387C0BD1EB2E08000C45310 /* UIAlertView+Blocks.m */ = {isa = PBXFileReference; fileEncoding = 4; lastKnownFileType = sourcecode.c.objc; path = "UIAlertView+Blocks.m"; sourceTree = "<group>"; };
		1387C0BF1EB2E08000C45310 /* RIButtonItem.h */ = {isa = PBXFileReference; fileEncoding = 4; lastKnownFileType = sourcecode.c.h; path = RIButtonItem.h; sourceTree = "<group>"; };
		1387C0C01EB2E08000C45310 /* RIButtonItem.m */ = {isa = PBXFileReference; fileEncoding = 4; lastKnownFileType = sourcecode.c.objc; path = RIButtonItem.m; sourceTree = "<group>"; };
		1387C0C11EB2E08000C45310 /* YZKAlertManager.h */ = {isa = PBXFileReference; fileEncoding = 4; lastKnownFileType = sourcecode.c.h; path = YZKAlertManager.h; sourceTree = "<group>"; };
		1387C0C21EB2E08000C45310 /* YZKAlertManager.m */ = {isa = PBXFileReference; fileEncoding = 4; lastKnownFileType = sourcecode.c.objc; path = YZKAlertManager.m; sourceTree = "<group>"; };
		1387C0C51EB2E08000C45310 /* SSKeychain.h */ = {isa = PBXFileReference; fileEncoding = 4; lastKnownFileType = sourcecode.c.h; path = SSKeychain.h; sourceTree = "<group>"; };
		1387C0C61EB2E08000C45310 /* SSKeychain.m */ = {isa = PBXFileReference; fileEncoding = 4; lastKnownFileType = sourcecode.c.objc; path = SSKeychain.m; sourceTree = "<group>"; };
		1387C0C71EB2E08000C45310 /* YZKDeviceManager.h */ = {isa = PBXFileReference; fileEncoding = 4; lastKnownFileType = sourcecode.c.h; path = YZKDeviceManager.h; sourceTree = "<group>"; };
		1387C0C81EB2E08000C45310 /* YZKDeviceManager.m */ = {isa = PBXFileReference; fileEncoding = 4; lastKnownFileType = sourcecode.c.objc; path = YZKDeviceManager.m; sourceTree = "<group>"; };
		1387C0C91EB2E08000C45310 /* YZKUtils.h */ = {isa = PBXFileReference; fileEncoding = 4; lastKnownFileType = sourcecode.c.h; path = YZKUtils.h; sourceTree = "<group>"; };
		13AADB811B3D23F1002E77EF /* video01.mp4 */ = {isa = PBXFileReference; lastKnownFileType = file; path = video01.mp4; sourceTree = "<group>"; };
		13AADBA01B3D33E6002E77EF /* pic1@2x.png */ = {isa = PBXFileReference; lastKnownFileType = image.png; path = "pic1@2x.png"; sourceTree = "<group>"; };
		13AADBA51B3D3614002E77EF /* line@2x.png */ = {isa = PBXFileReference; lastKnownFileType = image.png; path = "line@2x.png"; sourceTree = "<group>"; };
		13AADBA61B3D3614002E77EF /* pick_bg@2x.png */ = {isa = PBXFileReference; lastKnownFileType = image.png; path = "pick_bg@2x.png"; sourceTree = "<group>"; };
		4087DBF559F328A240A92CD0 /* Pods-s.release.xcconfig */ = {isa = PBXFileReference; includeInIndex = 1; lastKnownFileType = text.xcconfig; name = "Pods-s.release.xcconfig"; path = "Pods/Target Support Files/Pods-s/Pods-s.release.xcconfig"; sourceTree = "<group>"; };
		7BF8D56A1B40DE9D0046A3F1 /* CoreGraphics.framework */ = {isa = PBXFileReference; lastKnownFileType = wrapper.framework; name = CoreGraphics.framework; path = System/Library/Frameworks/CoreGraphics.framework; sourceTree = SDKROOT; };
		7BF8D56C1B40DEA70046A3F1 /* QuartzCore.framework */ = {isa = PBXFileReference; lastKnownFileType = wrapper.framework; name = QuartzCore.framework; path = System/Library/Frameworks/QuartzCore.framework; sourceTree = SDKROOT; };
		7BF8D56E1B40DEAE0046A3F1 /* CoreLocation.framework */ = {isa = PBXFileReference; lastKnownFileType = wrapper.framework; name = CoreLocation.framework; path = System/Library/Frameworks/CoreLocation.framework; sourceTree = SDKROOT; };
		7BF8D5701B40DEBB0046A3F1 /* CoreTelephony.framework */ = {isa = PBXFileReference; lastKnownFileType = wrapper.framework; name = CoreTelephony.framework; path = System/Library/Frameworks/CoreTelephony.framework; sourceTree = SDKROOT; };
		7BF8D5721B40DEC50046A3F1 /* SystemConfiguration.framework */ = {isa = PBXFileReference; lastKnownFileType = wrapper.framework; name = SystemConfiguration.framework; path = System/Library/Frameworks/SystemConfiguration.framework; sourceTree = SDKROOT; };
		7BF8D5741B40DECF0046A3F1 /* libz.dylib */ = {isa = PBXFileReference; lastKnownFileType = "compiled.mach-o.dylib"; name = libz.dylib; path = usr/lib/libz.dylib; sourceTree = SDKROOT; };
		7BF8D5761B40DED90046A3F1 /* libstdc++.6.0.9.dylib */ = {isa = PBXFileReference; lastKnownFileType = "compiled.mach-o.dylib"; name = "libstdc++.6.0.9.dylib"; path = "usr/lib/libstdc++.6.0.9.dylib"; sourceTree = SDKROOT; };
		7BF8D5781B40DEE00046A3F1 /* Security.framework */ = {isa = PBXFileReference; lastKnownFileType = wrapper.framework; name = Security.framework; path = System/Library/Frameworks/Security.framework; sourceTree = SDKROOT; };
		7BF8D57D1B40E7140046A3F1 /* greenPin_lift.png */ = {isa = PBXFileReference; lastKnownFileType = image.png; path = greenPin_lift.png; sourceTree = "<group>"; };
		A24788DA1B3B973B00782C32 /* SquareCollectionViewCell.h */ = {isa = PBXFileReference; fileEncoding = 4; lastKnownFileType = sourcecode.c.h; path = SquareCollectionViewCell.h; sourceTree = "<group>"; };
		A24788DB1B3B973B00782C32 /* SquareCollectionViewCell.m */ = {isa = PBXFileReference; fileEncoding = 4; lastKnownFileType = sourcecode.c.objc; path = SquareCollectionViewCell.m; sourceTree = "<group>"; };
		A24788DD1B3BD20A00782C32 /* icon_choiceLife_DesignatedService@2x.png */ = {isa = PBXFileReference; lastKnownFileType = image.png; path = "icon_choiceLife_DesignatedService@2x.png"; sourceTree = "<group>"; };
		A24788DF1B3BF1B600782C32 /* NJKWebViewController.h */ = {isa = PBXFileReference; fileEncoding = 4; lastKnownFileType = sourcecode.c.h; path = NJKWebViewController.h; sourceTree = "<group>"; };
		A24788E01B3BF1B600782C32 /* NJKWebViewController.m */ = {isa = PBXFileReference; fileEncoding = 4; lastKnownFileType = sourcecode.c.objc; path = NJKWebViewController.m; sourceTree = "<group>"; };
		A24788E21B3C000900782C32 /* StyledPageViewController.h */ = {isa = PBXFileReference; fileEncoding = 4; lastKnownFileType = sourcecode.c.h; path = StyledPageViewController.h; sourceTree = "<group>"; };
		A24788E31B3C000900782C32 /* StyledPageViewController.m */ = {isa = PBXFileReference; fileEncoding = 4; lastKnownFileType = sourcecode.c.objc; path = StyledPageViewController.m; sourceTree = "<group>"; };
		A2490EFF1B3D2F79004F72C0 /* PageControlDemoTableViewCell.h */ = {isa = PBXFileReference; fileEncoding = 4; lastKnownFileType = sourcecode.c.h; path = PageControlDemoTableViewCell.h; sourceTree = "<group>"; };
		A2490F001B3D2F79004F72C0 /* PageControlDemoTableViewCell.m */ = {isa = PBXFileReference; fileEncoding = 4; lastKnownFileType = sourcecode.c.objc; path = PageControlDemoTableViewCell.m; sourceTree = "<group>"; };
		A2490F021B3D30FC004F72C0 /* pagecontrol-thumb-normal.png */ = {isa = PBXFileReference; lastKnownFileType = image.png; path = "pagecontrol-thumb-normal.png"; sourceTree = "<group>"; };
		A2490F031B3D30FC004F72C0 /* pagecontrol-thumb-normal@2x.png */ = {isa = PBXFileReference; lastKnownFileType = image.png; path = "pagecontrol-thumb-normal@2x.png"; sourceTree = "<group>"; };
		A2490F041B3D30FC004F72C0 /* pagecontrol-thumb-selected.png */ = {isa = PBXFileReference; lastKnownFileType = image.png; path = "pagecontrol-thumb-selected.png"; sourceTree = "<group>"; };
		A2490F051B3D30FC004F72C0 /* pagecontrol-thumb-selected@2x.png */ = {isa = PBXFileReference; lastKnownFileType = image.png; path = "pagecontrol-thumb-selected@2x.png"; sourceTree = "<group>"; };
		A24F3BE31B3ABDBD0038DA7E /* FrameConfig.h */ = {isa = PBXFileReference; fileEncoding = 4; lastKnownFileType = sourcecode.c.h; path = FrameConfig.h; sourceTree = "<group>"; };
		A24F3BE41B3ABE850038DA7E /* WaterFallViewController.h */ = {isa = PBXFileReference; fileEncoding = 4; lastKnownFileType = sourcecode.c.h; path = WaterFallViewController.h; sourceTree = "<group>"; };
		A24F3BE51B3ABE850038DA7E /* WaterFallViewController.m */ = {isa = PBXFileReference; fileEncoding = 4; lastKnownFileType = sourcecode.c.objc; path = WaterFallViewController.m; sourceTree = "<group>"; };
		A253480D1B38FB1300BFCB68 /* OBShapeedButtonViewController.h */ = {isa = PBXFileReference; fileEncoding = 4; lastKnownFileType = sourcecode.c.h; path = OBShapeedButtonViewController.h; sourceTree = "<group>"; };
		A253480E1B38FB1300BFCB68 /* OBShapeedButtonViewController.m */ = {isa = PBXFileReference; fileEncoding = 4; lastKnownFileType = sourcecode.c.objc; path = OBShapeedButtonViewController.m; sourceTree = "<group>"; };
		A25348111B38FD2C00BFCB68 /* btn_toTop_normal@2x.png */ = {isa = PBXFileReference; lastKnownFileType = image.png; path = "btn_toTop_normal@2x.png"; sourceTree = "<group>"; };
		A25348131B39004100BFCB68 /* SelectTableViewController.h */ = {isa = PBXFileReference; fileEncoding = 4; lastKnownFileType = sourcecode.c.h; path = SelectTableViewController.h; sourceTree = "<group>"; };
		A25348141B39004100BFCB68 /* SelectTableViewController.m */ = {isa = PBXFileReference; fileEncoding = 4; lastKnownFileType = sourcecode.c.objc; path = SelectTableViewController.m; sourceTree = "<group>"; };
		A25348161B39047800BFCB68 /* icon_person_default@2x.png */ = {isa = PBXFileReference; lastKnownFileType = image.png; path = "icon_person_default@2x.png"; sourceTree = "<group>"; };
		A27324861B33BBAD00A949B2 /* BaseViewController.h */ = {isa = PBXFileReference; fileEncoding = 4; lastKnownFileType = sourcecode.c.h; path = BaseViewController.h; sourceTree = "<group>"; };
		A27324871B33BBAD00A949B2 /* BaseViewController.m */ = {isa = PBXFileReference; fileEncoding = 4; lastKnownFileType = sourcecode.c.objc; path = BaseViewController.m; sourceTree = "<group>"; };
		A27324881B33BBAD00A949B2 /* RootViewController.h */ = {isa = PBXFileReference; fileEncoding = 4; lastKnownFileType = sourcecode.c.h; path = RootViewController.h; sourceTree = "<group>"; };
		A27324891B33BBAD00A949B2 /* RootViewController.m */ = {isa = PBXFileReference; fileEncoding = 4; lastKnownFileType = sourcecode.c.objc; path = RootViewController.m; sourceTree = "<group>"; };
		A273248A1B33BBAD00A949B2 /* RootViewController.xib */ = {isa = PBXFileReference; fileEncoding = 4; lastKnownFileType = file.xib; path = RootViewController.xib; sourceTree = "<group>"; };
		A27324921B33BFE600A949B2 /* TappedLabelViewController.h */ = {isa = PBXFileReference; fileEncoding = 4; lastKnownFileType = sourcecode.c.h; path = TappedLabelViewController.h; sourceTree = "<group>"; };
		A27324931B33BFE600A949B2 /* TappedLabelViewController.m */ = {isa = PBXFileReference; fileEncoding = 4; lastKnownFileType = sourcecode.c.objc; path = TappedLabelViewController.m; sourceTree = "<group>"; };
		A27324951B33E82100A949B2 /* BTLabelViewController.h */ = {isa = PBXFileReference; fileEncoding = 4; lastKnownFileType = sourcecode.c.h; path = BTLabelViewController.h; sourceTree = "<group>"; };
		A27324961B33E82100A949B2 /* BTLabelViewController.m */ = {isa = PBXFileReference; fileEncoding = 4; lastKnownFileType = sourcecode.c.objc; path = BTLabelViewController.m; sourceTree = "<group>"; };
		A273249B1B33EFD400A949B2 /* SwipeTableCell.h */ = {isa = PBXFileReference; fileEncoding = 4; lastKnownFileType = sourcecode.c.h; path = SwipeTableCell.h; sourceTree = "<group>"; };
		A273249C1B33EFD400A949B2 /* SwipeTableCell.m */ = {isa = PBXFileReference; fileEncoding = 4; lastKnownFileType = sourcecode.c.objc; path = SwipeTableCell.m; sourceTree = "<group>"; };
		A273249E1B33F36000A949B2 /* SwipeTableViewController.h */ = {isa = PBXFileReference; fileEncoding = 4; lastKnownFileType = sourcecode.c.h; path = SwipeTableViewController.h; sourceTree = "<group>"; };
		A273249F1B33F36000A949B2 /* SwipeTableViewController.m */ = {isa = PBXFileReference; fileEncoding = 4; lastKnownFileType = sourcecode.c.objc; path = SwipeTableViewController.m; sourceTree = "<group>"; };
		F16F977809935AE8AE410609 /* libPods-s.a */ = {isa = PBXFileReference; explicitFileType = archive.ar; includeInIndex = 0; path = "libPods-s.a"; sourceTree = BUILT_PRODUCTS_DIR; };
/* End PBXFileReference section */

/* Begin PBXFrameworksBuildPhase section */
		13312A7819DA5ACA00FF2EE5 /* Frameworks */ = {
			isa = PBXFrameworksBuildPhase;
			buildActionMask = 2147483647;
			files = (
				7BF8D5791B40DEE00046A3F1 /* Security.framework in Frameworks */,
				7BF8D5771B40DED90046A3F1 /* libstdc++.6.0.9.dylib in Frameworks */,
				7BF8D5751B40DECF0046A3F1 /* libz.dylib in Frameworks */,
				7BF8D5731B40DEC50046A3F1 /* SystemConfiguration.framework in Frameworks */,
				7BF8D5711B40DEBB0046A3F1 /* CoreTelephony.framework in Frameworks */,
				7BF8D56F1B40DEAE0046A3F1 /* CoreLocation.framework in Frameworks */,
				7BF8D56D1B40DEA70046A3F1 /* QuartzCore.framework in Frameworks */,
				7BF8D56B1B40DE9D0046A3F1 /* CoreGraphics.framework in Frameworks */,
				1317BE0C19E4E56700002A5A /* Foundation.framework in Frameworks */,
				1317BE0A19E4E55800002A5A /* UIKit.framework in Frameworks */,
				5C3EBE4920CC43C2266029D2 /* libPods-s.a in Frameworks */,
			);
			runOnlyForDeploymentPostprocessing = 0;
		};
/* End PBXFrameworksBuildPhase section */

/* Begin PBXGroup section */
		1317BE0919E4E53400002A5A /* Frameworks */ = {
			isa = PBXGroup;
			children = (
				7BF8D5781B40DEE00046A3F1 /* Security.framework */,
				7BF8D5761B40DED90046A3F1 /* libstdc++.6.0.9.dylib */,
				7BF8D5741B40DECF0046A3F1 /* libz.dylib */,
				7BF8D5721B40DEC50046A3F1 /* SystemConfiguration.framework */,
				7BF8D5701B40DEBB0046A3F1 /* CoreTelephony.framework */,
				7BF8D56E1B40DEAE0046A3F1 /* CoreLocation.framework */,
				7BF8D56C1B40DEA70046A3F1 /* QuartzCore.framework */,
				7BF8D56A1B40DE9D0046A3F1 /* CoreGraphics.framework */,
				1317BE0B19E4E56700002A5A /* Foundation.framework */,
				1317BE0719E4E52100002A5A /* UIKit.framework */,
				F16F977809935AE8AE410609 /* libPods-s.a */,
			);
			name = Frameworks;
			sourceTree = "<group>";
		};
		13312A7219DA5ACA00FF2EE5 = {
			isa = PBXGroup;
			children = (
				1387BF5C1EB2E07F00C45310 /* UtilityFunction */,
				13312A7D19DA5ACA00FF2EE5 /* s */,
				1317BE0919E4E53400002A5A /* Frameworks */,
				13312A7C19DA5ACA00FF2EE5 /* Products */,
				2A6AD40599D21367B5DD900C /* Pods */,
			);
			sourceTree = "<group>";
		};
		13312A7C19DA5ACA00FF2EE5 /* Products */ = {
			isa = PBXGroup;
			children = (
				13312A7B19DA5ACA00FF2EE5 /* s.app */,
			);
			name = Products;
			sourceTree = "<group>";
		};
		13312A7D19DA5ACA00FF2EE5 /* s */ = {
			isa = PBXGroup;
			children = (
				A273248E1B33BEE000A949B2 /* DemoViewController */,
				A24F3BE31B3ABDBD0038DA7E /* FrameConfig.h */,
				13312A8219DA5ACA00FF2EE5 /* AppDelegate.h */,
				13312A8319DA5ACA00FF2EE5 /* AppDelegate.m */,
				A27324861B33BBAD00A949B2 /* BaseViewController.h */,
				A27324871B33BBAD00A949B2 /* BaseViewController.m */,
				A27324881B33BBAD00A949B2 /* RootViewController.h */,
				A27324891B33BBAD00A949B2 /* RootViewController.m */,
				A273248A1B33BBAD00A949B2 /* RootViewController.xib */,
				13312A8B19DA5ACA00FF2EE5 /* Images.xcassets */,
				13312A8D19DA5ACA00FF2EE5 /* LaunchScreen.xib */,
				13312A7E19DA5ACA00FF2EE5 /* Supporting Files */,
			);
			path = s;
			sourceTree = "<group>";
		};
		13312A7E19DA5ACA00FF2EE5 /* Supporting Files */ = {
			isa = PBXGroup;
			children = (
				A25348101B38FD2C00BFCB68 /* Resource */,
				1317BE0619E4D15B00002A5A /* s-Prefix.pch */,
				13312A7F19DA5ACA00FF2EE5 /* Info.plist */,
				13312A8019DA5ACA00FF2EE5 /* main.m */,
			);
			name = "Supporting Files";
			sourceTree = "<group>";
		};
		1387BF5C1EB2E07F00C45310 /* UtilityFunction */ = {
			isa = PBXGroup;
			children = (
				1387BF5D1EB2E07F00C45310 /* CommonView */,
				1387BF741EB2E07F00C45310 /* Encryption */,
				1387BF851EB2E07F00C45310 /* Foundation */,
				1387BFA81EB2E07F00C45310 /* LocalizableManager */,
				1387BFAB1EB2E07F00C45310 /* QREncode */,
				1387C0771EB2E08000C45310 /* UIKit */,
				1387C0B01EB2E08000C45310 /* VideoPlay */,
				1387C0B51EB2E08000C45310 /* YZKAlertManager */,
				1387C0C31EB2E08000C45310 /* YZKDeviceManager */,
				1387C0C91EB2E08000C45310 /* YZKUtils.h */,
			);
			name = UtilityFunction;
			path = ../UtilityFunction;
			sourceTree = "<group>";
		};
		1387BF5D1EB2E07F00C45310 /* CommonView */ = {
			isa = PBXGroup;
			children = (
				1387BF5E1EB2E07F00C45310 /* BTLabel */,
				1387BF611EB2E07F00C45310 /* MGSwipeTableCell */,
				1387BF641EB2E07F00C45310 /* OBShapedButton */,
				1387BF671EB2E07F00C45310 /* YZKAttributedMarkup */,
				1387BF711EB2E07F00C45310 /* YZKSelectTableView */,
			);
			path = CommonView;
			sourceTree = "<group>";
		};
		1387BF5E1EB2E07F00C45310 /* BTLabel */ = {
			isa = PBXGroup;
			children = (
				1387BF5F1EB2E07F00C45310 /* BTLabel.h */,
				1387BF601EB2E07F00C45310 /* BTLabel.m */,
			);
			path = BTLabel;
			sourceTree = "<group>";
		};
		1387BF611EB2E07F00C45310 /* MGSwipeTableCell */ = {
			isa = PBXGroup;
			children = (
				1387BF621EB2E07F00C45310 /* MGSwipeTableCell.h */,
				1387BF631EB2E07F00C45310 /* MGSwipeTableCell.m */,
			);
			path = MGSwipeTableCell;
			sourceTree = "<group>";
		};
		1387BF641EB2E07F00C45310 /* OBShapedButton */ = {
			isa = PBXGroup;
			children = (
				1387BF651EB2E07F00C45310 /* OBShapedButton.h */,
				1387BF661EB2E07F00C45310 /* OBShapedButton.m */,
			);
			path = OBShapedButton;
			sourceTree = "<group>";
		};
		1387BF671EB2E07F00C45310 /* YZKAttributedMarkup */ = {
			isa = PBXGroup;
			children = (
				1387BF681EB2E07F00C45310 /* Categories */,
				1387BF6D1EB2E07F00C45310 /* YZKAttributedStyleAction.h */,
				1387BF6E1EB2E07F00C45310 /* YZKAttributedStyleAction.m */,
				1387BF6F1EB2E07F00C45310 /* YZKTappableLabel.h */,
				1387BF701EB2E07F00C45310 /* YZKTappableLabel.m */,
			);
			path = YZKAttributedMarkup;
			sourceTree = "<group>";
		};
		1387BF681EB2E07F00C45310 /* Categories */ = {
			isa = PBXGroup;
			children = (
				1387BF691EB2E07F00C45310 /* NSMutableString+TagReplace.h */,
				1387BF6A1EB2E07F00C45310 /* NSMutableString+TagReplace.m */,
				1387BF6B1EB2E07F00C45310 /* NSString+WPAttributedMarkup.h */,
				1387BF6C1EB2E07F00C45310 /* NSString+WPAttributedMarkup.m */,
			);
			path = Categories;
			sourceTree = "<group>";
		};
		1387BF711EB2E07F00C45310 /* YZKSelectTableView */ = {
			isa = PBXGroup;
			children = (
				1387BF721EB2E07F00C45310 /* YZKSelectTableView.h */,
				1387BF731EB2E07F00C45310 /* YZKSelectTableView.m */,
			);
			path = YZKSelectTableView;
			sourceTree = "<group>";
		};
		1387BF741EB2E07F00C45310 /* Encryption */ = {
			isa = PBXGroup;
			children = (
				1387BF751EB2E07F00C45310 /* Crypt.h */,
				1387BF761EB2E07F00C45310 /* Crypto */,
				1387BF7E1EB2E07F00C45310 /* GTMBase64 */,
				1387BF821EB2E07F00C45310 /* MD5 */,
			);
			path = Encryption;
			sourceTree = "<group>";
		};
		1387BF761EB2E07F00C45310 /* Crypto */ = {
			isa = PBXGroup;
			children = (
				1387BF771EB2E07F00C45310 /* AESCrypt.h */,
				1387BF781EB2E07F00C45310 /* AESCrypt.m */,
				1387BF791EB2E07F00C45310 /* Categories */,
				1387BF7C1EB2E07F00C45310 /* HMACCrypt.h */,
				1387BF7D1EB2E07F00C45310 /* HMACCrypt.m */,
			);
			path = Crypto;
			sourceTree = "<group>";
		};
		1387BF791EB2E07F00C45310 /* Categories */ = {
			isa = PBXGroup;
			children = (
				1387BF7A1EB2E07F00C45310 /* NSData+CommonCrypto.h */,
				1387BF7B1EB2E07F00C45310 /* NSData+CommonCrypto.m */,
			);
			path = Categories;
			sourceTree = "<group>";
		};
		1387BF7E1EB2E07F00C45310 /* GTMBase64 */ = {
			isa = PBXGroup;
			children = (
				1387BF7F1EB2E07F00C45310 /* GTMBase64.h */,
				1387BF801EB2E07F00C45310 /* GTMBase64.m */,
				1387BF811EB2E07F00C45310 /* GTMDefines.h */,
			);
			path = GTMBase64;
			sourceTree = "<group>";
		};
		1387BF821EB2E07F00C45310 /* MD5 */ = {
			isa = PBXGroup;
			children = (
				1387BF831EB2E07F00C45310 /* NSString+MD5.h */,
				1387BF841EB2E07F00C45310 /* NSString+MD5.m */,
			);
			path = MD5;
			sourceTree = "<group>";
		};
		1387BF851EB2E07F00C45310 /* Foundation */ = {
			isa = PBXGroup;
			children = (
				1387BF861EB2E07F00C45310 /* NSArray */,
				1387BF8A1EB2E07F00C45310 /* NSDate */,
				1387BF901EB2E07F00C45310 /* NSFileManager */,
				1387BF941EB2E07F00C45310 /* NSObject */,
				1387BF981EB2E07F00C45310 /* NSString */,
			);
			path = Foundation;
			sourceTree = "<group>";
		};
		1387BF861EB2E07F00C45310 /* NSArray */ = {
			isa = PBXGroup;
			children = (
				1387BF871EB2E07F00C45310 /* NSArray+ContainObject.h */,
				1387BF881EB2E07F00C45310 /* NSArray+ContainObject.m */,
				1387BF891EB2E07F00C45310 /* YZKUtilsArray.h */,
			);
			path = NSArray;
			sourceTree = "<group>";
		};
		1387BF8A1EB2E07F00C45310 /* NSDate */ = {
			isa = PBXGroup;
			children = (
				1387BF8B1EB2E07F00C45310 /* NSDate+Extension.h */,
				1387BF8C1EB2E07F00C45310 /* NSDate+Extension.m */,
				1387BF8D1EB2E07F00C45310 /* NSDate+Format.h */,
				1387BF8E1EB2E07F00C45310 /* NSDate+Format.m */,
				1387BF8F1EB2E07F00C45310 /* YZKUtilsDate.h */,
			);
			path = NSDate;
			sourceTree = "<group>";
		};
		1387BF901EB2E07F00C45310 /* NSFileManager */ = {
			isa = PBXGroup;
			children = (
				1387BF911EB2E07F00C45310 /* NSFileManager+Paths.h */,
				1387BF921EB2E07F00C45310 /* NSFileManager+Paths.m */,
				1387BF931EB2E07F00C45310 /* YZKUtilsFileManager.h */,
			);
			path = NSFileManager;
			sourceTree = "<group>";
		};
		1387BF941EB2E07F00C45310 /* NSObject */ = {
			isa = PBXGroup;
			children = (
				1387BF951EB2E07F00C45310 /* NSObject+FaultTolerant.h */,
				1387BF961EB2E07F00C45310 /* NSObject+FaultTolerant.m */,
				1387BF971EB2E07F00C45310 /* YZKUtilsObject.h */,
			);
			path = NSObject;
			sourceTree = "<group>";
		};
		1387BF981EB2E07F00C45310 /* NSString */ = {
			isa = PBXGroup;
			children = (
				1387BF991EB2E07F00C45310 /* NSString+GetTextSize.h */,
				1387BF9A1EB2E07F00C45310 /* NSString+GetTextSize.m */,
				1387BF9B1EB2E07F00C45310 /* NSString+PinYin.h */,
				1387BF9C1EB2E07F00C45310 /* NSString+PinYin.m */,
				1387BF9D1EB2E07F00C45310 /* NSString+Validation.h */,
				1387BF9E1EB2E07F00C45310 /* NSString+Validation.m */,
				1387BF9F1EB2E07F00C45310 /* YZKUtilsString.h */,
			);
			path = NSString;
			sourceTree = "<group>";
		};
		1387BFA81EB2E07F00C45310 /* LocalizableManager */ = {
			isa = PBXGroup;
			children = (
				1387BFA91EB2E07F00C45310 /* YZKLocalizableManager.h */,
				1387BFAA1EB2E07F00C45310 /* YZKLocalizableManager.m */,
			);
			path = LocalizableManager;
			sourceTree = "<group>";
		};
		1387BFAB1EB2E07F00C45310 /* QREncode */ = {
			isa = PBXGroup;
			children = (
				1387BFAC1EB2E07F00C45310 /* GeneratorQRCodeViewController.h */,
				1387BFAD1EB2E07F00C45310 /* GeneratorQRCodeViewController.m */,
				1387BFAE1EB2E07F00C45310 /* libqrencode */,
				1387BFBF1EB2E08000C45310 /* ScanQRCodeViewController.h */,
				1387BFC01EB2E08000C45310 /* ScanQRCodeViewController.m */,
			);
			path = QREncode;
			sourceTree = "<group>";
		};
		1387BFAE1EB2E07F00C45310 /* libqrencode */ = {
			isa = PBXGroup;
			children = (
				1387BFAF1EB2E07F00C45310 /* bitstream.c */,
				1387BFB01EB2E07F00C45310 /* bitstream.h */,
				1387BFB11EB2E07F00C45310 /* mask.c */,
				1387BFB21EB2E07F00C45310 /* mask.h */,
				1387BFB31EB2E07F00C45310 /* QRCodeGenerator.h */,
				1387BFB41EB2E07F00C45310 /* QRCodeGenerator.m */,
				1387BFB51EB2E07F00C45310 /* qrencode.c */,
				1387BFB61EB2E07F00C45310 /* qrencode.h */,
				1387BFB71EB2E08000C45310 /* qrinput.c */,
				1387BFB81EB2E08000C45310 /* qrinput.h */,
				1387BFB91EB2E08000C45310 /* qrspec.c */,
				1387BFBA1EB2E08000C45310 /* qrspec.h */,
				1387BFBB1EB2E08000C45310 /* rscode.c */,
				1387BFBC1EB2E08000C45310 /* rscode.h */,
				1387BFBD1EB2E08000C45310 /* split.c */,
				1387BFBE1EB2E08000C45310 /* split.h */,
			);
			path = libqrencode;
			sourceTree = "<group>";
		};
		1387C0771EB2E08000C45310 /* UIKit */ = {
			isa = PBXGroup;
			children = (
				1387C0781EB2E08000C45310 /* UIButton */,
				1387C07E1EB2E08000C45310 /* UIColor */,
				1387C0841EB2E08000C45310 /* UIControl */,
				1387C0881EB2E08000C45310 /* UIImage */,
				1387C0901EB2E08000C45310 /* UILabel */,
				1387C0941EB2E08000C45310 /* UINavigationController */,
				1387C09A1EB2E08000C45310 /* UIScrollView */,
				1387C09E1EB2E08000C45310 /* UIView */,
				1387C0AC1EB2E08000C45310 /* UIWindow */,
			);
			path = UIKit;
			sourceTree = "<group>";
		};
		1387C0781EB2E08000C45310 /* UIButton */ = {
			isa = PBXGroup;
			children = (
				1387C0791EB2E08000C45310 /* UIButton+BackgroundColor.h */,
				1387C07A1EB2E08000C45310 /* UIButton+BackgroundColor.m */,
				1387C07B1EB2E08000C45310 /* UIButton+CountDown.h */,
				1387C07C1EB2E08000C45310 /* UIButton+CountDown.m */,
				1387C07D1EB2E08000C45310 /* YZKUtilsButton.h */,
			);
			path = UIButton;
			sourceTree = "<group>";
		};
		1387C07E1EB2E08000C45310 /* UIColor */ = {
			isa = PBXGroup;
			children = (
				1387C07F1EB2E08000C45310 /* UIColor+Gradient.h */,
				1387C0801EB2E08000C45310 /* UIColor+Gradient.m */,
				1387C0811EB2E08000C45310 /* UIColor+HEX.h */,
				1387C0821EB2E08000C45310 /* UIColor+HEX.m */,
				1387C0831EB2E08000C45310 /* YZKUtilsColor.h */,
			);
			path = UIColor;
			sourceTree = "<group>";
		};
		1387C0841EB2E08000C45310 /* UIControl */ = {
			isa = PBXGroup;
			children = (
				1387C0851EB2E08000C45310 /* UIControl+ActionBlocks.h */,
				1387C0861EB2E08000C45310 /* UIControl+ActionBlocks.m */,
				1387C0871EB2E08000C45310 /* YZKUtilsControl.h */,
			);
			path = UIControl;
			sourceTree = "<group>";
		};
		1387C0881EB2E08000C45310 /* UIImage */ = {
			isa = PBXGroup;
			children = (
				1387C0891EB2E08000C45310 /* UIImage+HandlePicture.h */,
				1387C08A1EB2E08000C45310 /* UIImage+HandlePicture.m */,
				1387C08B1EB2E08000C45310 /* UIImage+ImageColor.h */,
				1387C08C1EB2E08000C45310 /* UIImage+ImageColor.m */,
				1387C08D1EB2E08000C45310 /* UIImage+ImageEffects.h */,
				1387C08E1EB2E08000C45310 /* UIImage+ImageEffects.m */,
				1387C08F1EB2E08000C45310 /* YZKUtilsImage.h */,
			);
			path = UIImage;
			sourceTree = "<group>";
		};
		1387C0901EB2E08000C45310 /* UILabel */ = {
			isa = PBXGroup;
			children = (
				1387C0911EB2E08000C45310 /* UILabel+GetTextSize.h */,
				1387C0921EB2E08000C45310 /* UILabel+GetTextSize.m */,
				1387C0931EB2E08000C45310 /* YZKUtilsLabel.h */,
			);
			path = UILabel;
			sourceTree = "<group>";
		};
		1387C0941EB2E08000C45310 /* UINavigationController */ = {
			isa = PBXGroup;
			children = (
				1387C0951EB2E08000C45310 /* UINavigationController+BATransitions.h */,
				1387C0961EB2E08000C45310 /* UINavigationController+BATransitions.m */,
				1387C0971EB2E08000C45310 /* UINavigationController+StackManager.h */,
				1387C0981EB2E08000C45310 /* UINavigationController+StackManager.m */,
				1387C0991EB2E08000C45310 /* YZKUtilsNavigation.h */,
			);
			path = UINavigationController;
			sourceTree = "<group>";
		};
		1387C09A1EB2E08000C45310 /* UIScrollView */ = {
			isa = PBXGroup;
			children = (
				1387C09B1EB2E08000C45310 /* UIScrollView+AutoContentSize.h */,
				1387C09C1EB2E08000C45310 /* UIScrollView+AutoContentSize.m */,
				1387C09D1EB2E08000C45310 /* YZKUtilsScrollView.h */,
			);
			path = UIScrollView;
			sourceTree = "<group>";
		};
		1387C09E1EB2E08000C45310 /* UIView */ = {
			isa = PBXGroup;
			children = (
				1387C09F1EB2E08000C45310 /* UIView+Border.h */,
				1387C0A01EB2E08000C45310 /* UIView+Border.m */,
				1387C0A11EB2E08000C45310 /* UIView+Find.h */,
				1387C0A21EB2E08000C45310 /* UIView+Find.m */,
				1387C0A31EB2E08000C45310 /* UIView+RecursiveDescription.h */,
				1387C0A41EB2E08000C45310 /* UIView+RecursiveDescription.m */,
				1387C0A51EB2E08000C45310 /* UIView+SampleFrame.h */,
				1387C0A61EB2E08000C45310 /* UIView+SampleFrame.m */,
				1387C0A71EB2E08000C45310 /* UIView+Snapshot.h */,
				1387C0A81EB2E08000C45310 /* UIView+Snapshot.m */,
				1387C0A91EB2E08000C45310 /* UIView+ViewController.h */,
				1387C0AA1EB2E08000C45310 /* UIView+ViewController.m */,
				1387C0AB1EB2E08000C45310 /* YZKUtilsView.h */,
			);
			path = UIView;
			sourceTree = "<group>";
		};
		1387C0AC1EB2E08000C45310 /* UIWindow */ = {
			isa = PBXGroup;
			children = (
				1387C0AD1EB2E08000C45310 /* UIWindow+Hierarchy.h */,
				1387C0AE1EB2E08000C45310 /* UIWindow+Hierarchy.m */,
				1387C0AF1EB2E08000C45310 /* YZKUtilsWindow.h */,
			);
			path = UIWindow;
			sourceTree = "<group>";
		};
		1387C0B01EB2E08000C45310 /* VideoPlay */ = {
			isa = PBXGroup;
			children = (
				1387C0B11EB2E08000C45310 /* FirstViewController.h */,
				1387C0B21EB2E08000C45310 /* FirstViewController.m */,
				1387C0B31EB2E08000C45310 /* MovieViewController.h */,
				1387C0B41EB2E08000C45310 /* MovieViewController.m */,
			);
			path = VideoPlay;
			sourceTree = "<group>";
		};
		1387C0B51EB2E08000C45310 /* YZKAlertManager */ = {
			isa = PBXGroup;
			children = (
				1387C0B61EB2E08000C45310 /* BOAlertController */,
				1387C0C11EB2E08000C45310 /* YZKAlertManager.h */,
				1387C0C21EB2E08000C45310 /* YZKAlertManager.m */,
			);
			path = YZKAlertManager;
			sourceTree = "<group>";
		};
		1387C0B61EB2E08000C45310 /* BOAlertController */ = {
			isa = PBXGroup;
			children = (
				1387C0B71EB2E08000C45310 /* BOAlertController.h */,
				1387C0B81EB2E08000C45310 /* BOAlertController.m */,
				1387C0B91EB2E08000C45310 /* Categories */,
				1387C0BE1EB2E08000C45310 /* Extent */,
			);
			path = BOAlertController;
			sourceTree = "<group>";
		};
		1387C0B91EB2E08000C45310 /* Categories */ = {
			isa = PBXGroup;
			children = (
				1387C0BA1EB2E08000C45310 /* UIActionSheet+Blocks.h */,
				1387C0BB1EB2E08000C45310 /* UIActionSheet+Blocks.m */,
				1387C0BC1EB2E08000C45310 /* UIAlertView+Blocks.h */,
				1387C0BD1EB2E08000C45310 /* UIAlertView+Blocks.m */,
			);
			path = Categories;
			sourceTree = "<group>";
		};
		1387C0BE1EB2E08000C45310 /* Extent */ = {
			isa = PBXGroup;
			children = (
				1387C0BF1EB2E08000C45310 /* RIButtonItem.h */,
				1387C0C01EB2E08000C45310 /* RIButtonItem.m */,
			);
			path = Extent;
			sourceTree = "<group>";
		};
		1387C0C31EB2E08000C45310 /* YZKDeviceManager */ = {
			isa = PBXGroup;
			children = (
				1387C0C41EB2E08000C45310 /* SSKeychain */,
				1387C0C71EB2E08000C45310 /* YZKDeviceManager.h */,
				1387C0C81EB2E08000C45310 /* YZKDeviceManager.m */,
			);
			path = YZKDeviceManager;
			sourceTree = "<group>";
		};
		1387C0C41EB2E08000C45310 /* SSKeychain */ = {
			isa = PBXGroup;
			children = (
				1387C0C51EB2E08000C45310 /* SSKeychain.h */,
				1387C0C61EB2E08000C45310 /* SSKeychain.m */,
			);
			path = SSKeychain;
			sourceTree = "<group>";
		};
		2A6AD40599D21367B5DD900C /* Pods */ = {
			isa = PBXGroup;
			children = (
				0BE871CC5D85BAFA14258666 /* Pods-s.debug.xcconfig */,
				4087DBF559F328A240A92CD0 /* Pods-s.release.xcconfig */,
			);
			name = Pods;
			sourceTree = "<group>";
		};
		A24F3BDE1B3A61590038DA7E /* CommonViewController */ = {
			isa = PBXGroup;
			children = (
				A27324921B33BFE600A949B2 /* TappedLabelViewController.h */,
				A27324931B33BFE600A949B2 /* TappedLabelViewController.m */,
				A27324951B33E82100A949B2 /* BTLabelViewController.h */,
				A27324961B33E82100A949B2 /* BTLabelViewController.m */,
				A273249E1B33F36000A949B2 /* SwipeTableViewController.h */,
				A273249F1B33F36000A949B2 /* SwipeTableViewController.m */,
				A273249B1B33EFD400A949B2 /* SwipeTableCell.h */,
				A273249C1B33EFD400A949B2 /* SwipeTableCell.m */,
				A253480D1B38FB1300BFCB68 /* OBShapeedButtonViewController.h */,
				A253480E1B38FB1300BFCB68 /* OBShapeedButtonViewController.m */,
				A25348131B39004100BFCB68 /* SelectTableViewController.h */,
				A25348141B39004100BFCB68 /* SelectTableViewController.m */,
			);
			name = CommonViewController;
			sourceTree = "<group>";
		};
		A24F3BDF1B3A618C0038DA7E /* ThirdLibraryController */ = {
			isa = PBXGroup;
			children = (
				A24F3BE41B3ABE850038DA7E /* WaterFallViewController.h */,
				A24F3BE51B3ABE850038DA7E /* WaterFallViewController.m */,
				A24788DA1B3B973B00782C32 /* SquareCollectionViewCell.h */,
				A24788DB1B3B973B00782C32 /* SquareCollectionViewCell.m */,
				A24788DF1B3BF1B600782C32 /* NJKWebViewController.h */,
				A24788E01B3BF1B600782C32 /* NJKWebViewController.m */,
				A24788E21B3C000900782C32 /* StyledPageViewController.h */,
				A24788E31B3C000900782C32 /* StyledPageViewController.m */,
				A2490EFF1B3D2F79004F72C0 /* PageControlDemoTableViewCell.h */,
				A2490F001B3D2F79004F72C0 /* PageControlDemoTableViewCell.m */,
			);
			name = ThirdLibraryController;
			sourceTree = "<group>";
		};
		A25348101B38FD2C00BFCB68 /* Resource */ = {
			isa = PBXGroup;
			children = (
				7BF8D57D1B40E7140046A3F1 /* greenPin_lift.png */,
				13AADBA01B3D33E6002E77EF /* pic1@2x.png */,
				13AADBA51B3D3614002E77EF /* line@2x.png */,
				13AADBA61B3D3614002E77EF /* pick_bg@2x.png */,
				13AADB811B3D23F1002E77EF /* video01.mp4 */,
				A25348111B38FD2C00BFCB68 /* btn_toTop_normal@2x.png */,
				A25348161B39047800BFCB68 /* icon_person_default@2x.png */,
				A24788DD1B3BD20A00782C32 /* icon_choiceLife_DesignatedService@2x.png */,
				A2490F021B3D30FC004F72C0 /* pagecontrol-thumb-normal.png */,
				A2490F031B3D30FC004F72C0 /* pagecontrol-thumb-normal@2x.png */,
				A2490F041B3D30FC004F72C0 /* pagecontrol-thumb-selected.png */,
				A2490F051B3D30FC004F72C0 /* pagecontrol-thumb-selected@2x.png */,
			);
			path = Resource;
			sourceTree = "<group>";
		};
		A273248E1B33BEE000A949B2 /* DemoViewController */ = {
			isa = PBXGroup;
			children = (
				A24F3BDF1B3A618C0038DA7E /* ThirdLibraryController */,
				A24F3BDE1B3A61590038DA7E /* CommonViewController */,
			);
			path = DemoViewController;
			sourceTree = "<group>";
		};
/* End PBXGroup section */

/* Begin PBXNativeTarget section */
		13312A7A19DA5ACA00FF2EE5 /* s */ = {
			isa = PBXNativeTarget;
			buildConfigurationList = 13312A9E19DA5ACA00FF2EE5 /* Build configuration list for PBXNativeTarget "s" */;
			buildPhases = (
				11FA6052FF2B4B868969F462 /* [CP] Check Pods Manifest.lock */,
				13312A7719DA5ACA00FF2EE5 /* Sources */,
				13312A7819DA5ACA00FF2EE5 /* Frameworks */,
				13312A7919DA5ACA00FF2EE5 /* Resources */,
				0370D32E562DCCDFF4B97879 /* [CP] Embed Pods Frameworks */,
				FD8DABF852B2F3D63C70D238 /* [CP] Copy Pods Resources */,
			);
			buildRules = (
			);
			dependencies = (
			);
			name = s;
			productName = s;
			productReference = 13312A7B19DA5ACA00FF2EE5 /* s.app */;
			productType = "com.apple.product-type.application";
		};
/* End PBXNativeTarget section */

/* Begin PBXProject section */
		13312A7319DA5ACA00FF2EE5 /* Project object */ = {
			isa = PBXProject;
			attributes = {
				LastUpgradeCheck = 0600;
				ORGANIZATIONNAME = cooperlink;
				TargetAttributes = {
					13312A7A19DA5ACA00FF2EE5 = {
						CreatedOnToolsVersion = 6.0.1;
					};
				};
			};
			buildConfigurationList = 13312A7619DA5ACA00FF2EE5 /* Build configuration list for PBXProject "s" */;
			compatibilityVersion = "Xcode 3.2";
			developmentRegion = English;
			hasScannedForEncodings = 0;
			knownRegions = (
				en,
				Base,
			);
			mainGroup = 13312A7219DA5ACA00FF2EE5;
			productRefGroup = 13312A7C19DA5ACA00FF2EE5 /* Products */;
			projectDirPath = "";
			projectRoot = "";
			targets = (
				13312A7A19DA5ACA00FF2EE5 /* s */,
			);
		};
/* End PBXProject section */

/* Begin PBXResourcesBuildPhase section */
		13312A7919DA5ACA00FF2EE5 /* Resources */ = {
			isa = PBXResourcesBuildPhase;
			buildActionMask = 2147483647;
			files = (
				A25348121B38FD2C00BFCB68 /* btn_toTop_normal@2x.png in Resources */,
				13312A8F19DA5ACA00FF2EE5 /* LaunchScreen.xib in Resources */,
				A25348171B39047800BFCB68 /* icon_person_default@2x.png in Resources */,
				A24788DE1B3BD20A00782C32 /* icon_choiceLife_DesignatedService@2x.png in Resources */,
				13AADBA81B3D3614002E77EF /* pick_bg@2x.png in Resources */,
				13AADBA71B3D3614002E77EF /* line@2x.png in Resources */,
				13AADBA11B3D33E6002E77EF /* pic1@2x.png in Resources */,
				13312A8C19DA5ACA00FF2EE5 /* Images.xcassets in Resources */,
				A2490F091B3D30FC004F72C0 /* pagecontrol-thumb-selected@2x.png in Resources */,
				A2490F071B3D30FC004F72C0 /* pagecontrol-thumb-normal@2x.png in Resources */,
				7BF8D57E1B40E7140046A3F1 /* greenPin_lift.png in Resources */,
				A2490F061B3D30FC004F72C0 /* pagecontrol-thumb-normal.png in Resources */,
				A273248D1B33BBAD00A949B2 /* RootViewController.xib in Resources */,
				A2490F081B3D30FC004F72C0 /* pagecontrol-thumb-selected.png in Resources */,
				13AADB821B3D23F1002E77EF /* video01.mp4 in Resources */,
			);
			runOnlyForDeploymentPostprocessing = 0;
		};
/* End PBXResourcesBuildPhase section */

/* Begin PBXShellScriptBuildPhase section */
		0370D32E562DCCDFF4B97879 /* [CP] Embed Pods Frameworks */ = {
			isa = PBXShellScriptBuildPhase;
			buildActionMask = 2147483647;
			files = (
			);
			inputPaths = (
			);
			name = "[CP] Embed Pods Frameworks";
			outputPaths = (
			);
			runOnlyForDeploymentPostprocessing = 0;
			shellPath = /bin/sh;
			shellScript = "\"${SRCROOT}/Pods/Target Support Files/Pods-s/Pods-s-frameworks.sh\"\n";
			showEnvVarsInLog = 0;
		};
		11FA6052FF2B4B868969F462 /* [CP] Check Pods Manifest.lock */ = {
			isa = PBXShellScriptBuildPhase;
			buildActionMask = 2147483647;
			files = (
			);
			inputPaths = (
			);
			name = "[CP] Check Pods Manifest.lock";
			outputPaths = (
			);
			runOnlyForDeploymentPostprocessing = 0;
			shellPath = /bin/sh;
			shellScript = "diff \"${PODS_ROOT}/../Podfile.lock\" \"${PODS_ROOT}/Manifest.lock\" > /dev/null\nif [ $? != 0 ] ; then\n    # print error to STDERR\n    echo \"error: The sandbox is not in sync with the Podfile.lock. Run 'pod install' or update your CocoaPods installation.\" >&2\n    exit 1\nfi\n";
			showEnvVarsInLog = 0;
		};
		FD8DABF852B2F3D63C70D238 /* [CP] Copy Pods Resources */ = {
			isa = PBXShellScriptBuildPhase;
			buildActionMask = 2147483647;
			files = (
			);
			inputPaths = (
			);
			name = "[CP] Copy Pods Resources";
			outputPaths = (
			);
			runOnlyForDeploymentPostprocessing = 0;
			shellPath = /bin/sh;
			shellScript = "\"${SRCROOT}/Pods/Target Support Files/Pods-s/Pods-s-resources.sh\"\n";
			showEnvVarsInLog = 0;
		};
/* End PBXShellScriptBuildPhase section */

/* Begin PBXSourcesBuildPhase section */
		13312A7719DA5ACA00FF2EE5 /* Sources */ = {
			isa = PBXSourcesBuildPhase;
			buildActionMask = 2147483647;
			files = (
				1387C1511EB2E08000C45310 /* UIActionSheet+Blocks.m in Sources */,
				1387C0CD1EB2E08000C45310 /* NSMutableString+TagReplace.m in Sources */,
				A27324941B33BFE600A949B2 /* TappedLabelViewController.m in Sources */,
				1387C1481EB2E08000C45310 /* UIView+Find.m in Sources */,
				1387C14A1EB2E08000C45310 /* UIView+SampleFrame.m in Sources */,
				1387C0CC1EB2E08000C45310 /* OBShapedButton.m in Sources */,
				1387C0DE1EB2E08000C45310 /* NSString+Validation.m in Sources */,
				1387C13B1EB2E08000C45310 /* UIButton+BackgroundColor.m in Sources */,
				1387C0CE1EB2E08000C45310 /* NSString+WPAttributedMarkup.m in Sources */,
				1387C14C1EB2E08000C45310 /* UIView+ViewController.m in Sources */,
				1387C1551EB2E08000C45310 /* SSKeychain.m in Sources */,
				1387C13F1EB2E08000C45310 /* UIControl+ActionBlocks.m in Sources */,
				1387C1441EB2E08000C45310 /* UINavigationController+BATransitions.m in Sources */,
				1387C0CF1EB2E08000C45310 /* YZKAttributedStyleAction.m in Sources */,
				1387C13C1EB2E08000C45310 /* UIButton+CountDown.m in Sources */,
				1387C14E1EB2E08000C45310 /* FirstViewController.m in Sources */,
				1387C1541EB2E08000C45310 /* YZKAlertManager.m in Sources */,
				1387C1451EB2E08000C45310 /* UINavigationController+StackManager.m in Sources */,
				A27324971B33E82100A949B2 /* BTLabelViewController.m in Sources */,
				A253480F1B38FB1300BFCB68 /* OBShapeedButtonViewController.m in Sources */,
				1387C1471EB2E08000C45310 /* UIView+Border.m in Sources */,
				1387C0E81EB2E08000C45310 /* QRCodeGenerator.m in Sources */,
				1387C0D01EB2E08000C45310 /* YZKTappableLabel.m in Sources */,
				1387C0DA1EB2E08000C45310 /* NSFileManager+Paths.m in Sources */,
				1387C0ED1EB2E08000C45310 /* split.c in Sources */,
				1387C0D71EB2E08000C45310 /* NSArray+ContainObject.m in Sources */,
				1387C0D11EB2E08000C45310 /* YZKSelectTableView.m in Sources */,
				1387C13E1EB2E08000C45310 /* UIColor+HEX.m in Sources */,
				1387C0D81EB2E08000C45310 /* NSDate+Extension.m in Sources */,
				1387C1421EB2E08000C45310 /* UIImage+ImageEffects.m in Sources */,
				1387C1501EB2E08000C45310 /* BOAlertController.m in Sources */,
				1387C0E51EB2E08000C45310 /* GeneratorQRCodeViewController.m in Sources */,
				A273248B1B33BBAD00A949B2 /* BaseViewController.m in Sources */,
				A27324A01B33F36000A949B2 /* SwipeTableViewController.m in Sources */,
				A273249D1B33EFD400A949B2 /* SwipeTableCell.m in Sources */,
				13312A8419DA5ACA00FF2EE5 /* AppDelegate.m in Sources */,
				1387C0CB1EB2E08000C45310 /* MGSwipeTableCell.m in Sources */,
				A273248C1B33BBAD00A949B2 /* RootViewController.m in Sources */,
				1387C1531EB2E08000C45310 /* RIButtonItem.m in Sources */,
				1387C0DD1EB2E08000C45310 /* NSString+PinYin.m in Sources */,
				1387C0E41EB2E08000C45310 /* YZKLocalizableManager.m in Sources */,
				1387C13D1EB2E08000C45310 /* UIColor+Gradient.m in Sources */,
				1387C0EB1EB2E08000C45310 /* qrspec.c in Sources */,
				1387C1561EB2E08000C45310 /* YZKDeviceManager.m in Sources */,
				1387C0EC1EB2E08000C45310 /* rscode.c in Sources */,
				A25348151B39004100BFCB68 /* SelectTableViewController.m in Sources */,
				1387C1401EB2E08000C45310 /* UIImage+HandlePicture.m in Sources */,
				1387C0D31EB2E08000C45310 /* NSData+CommonCrypto.m in Sources */,
				1387C0E91EB2E08000C45310 /* qrencode.c in Sources */,
				1387C14B1EB2E08000C45310 /* UIView+Snapshot.m in Sources */,
				13312A8119DA5ACA00FF2EE5 /* main.m in Sources */,
				1387C1431EB2E08000C45310 /* UILabel+GetTextSize.m in Sources */,
				A24788E11B3BF1B600782C32 /* NJKWebViewController.m in Sources */,
				A2490F011B3D2F79004F72C0 /* PageControlDemoTableViewCell.m in Sources */,
				1387C0D41EB2E08000C45310 /* HMACCrypt.m in Sources */,
				1387C0EE1EB2E08000C45310 /* ScanQRCodeViewController.m in Sources */,
				1387C1461EB2E08000C45310 /* UIScrollView+AutoContentSize.m in Sources */,
				1387C1491EB2E08000C45310 /* UIView+RecursiveDescription.m in Sources */,
				1387C1411EB2E08000C45310 /* UIImage+ImageColor.m in Sources */,
				1387C0D61EB2E08000C45310 /* NSString+MD5.m in Sources */,
				1387C0E61EB2E08000C45310 /* bitstream.c in Sources */,
				1387C0DB1EB2E08000C45310 /* NSObject+FaultTolerant.m in Sources */,
				A24788E41B3C000900782C32 /* StyledPageViewController.m in Sources */,
				A24788DC1B3B973B00782C32 /* SquareCollectionViewCell.m in Sources */,
				1387C0DC1EB2E08000C45310 /* NSString+GetTextSize.m in Sources */,
				1387C0E71EB2E08000C45310 /* mask.c in Sources */,
				1387C0EA1EB2E08000C45310 /* qrinput.c in Sources */,
				1387C14F1EB2E08000C45310 /* MovieViewController.m in Sources */,
				1387C14D1EB2E08000C45310 /* UIWindow+Hierarchy.m in Sources */,
				1387C0D21EB2E08000C45310 /* AESCrypt.m in Sources */,
				1387C0CA1EB2E08000C45310 /* BTLabel.m in Sources */,
				1387C0D91EB2E08000C45310 /* NSDate+Format.m in Sources */,
				A24F3BE61B3ABE850038DA7E /* WaterFallViewController.m in Sources */,
				1387C0D51EB2E08000C45310 /* GTMBase64.m in Sources */,
				1387C1521EB2E08000C45310 /* UIAlertView+Blocks.m in Sources */,
			);
			runOnlyForDeploymentPostprocessing = 0;
		};
/* End PBXSourcesBuildPhase section */

/* Begin PBXVariantGroup section */
		13312A8D19DA5ACA00FF2EE5 /* LaunchScreen.xib */ = {
			isa = PBXVariantGroup;
			children = (
				13312A8E19DA5ACA00FF2EE5 /* Base */,
			);
			name = LaunchScreen.xib;
			sourceTree = "<group>";
		};
/* End PBXVariantGroup section */

/* Begin XCBuildConfiguration section */
		13312A9C19DA5ACA00FF2EE5 /* Debug */ = {
			isa = XCBuildConfiguration;
			buildSettings = {
				ALWAYS_SEARCH_USER_PATHS = NO;
				CLANG_CXX_LANGUAGE_STANDARD = "gnu++0x";
				CLANG_CXX_LIBRARY = "libc++";
				CLANG_ENABLE_MODULES = YES;
				CLANG_ENABLE_OBJC_ARC = YES;
				CLANG_WARN_BOOL_CONVERSION = YES;
				CLANG_WARN_CONSTANT_CONVERSION = YES;
				CLANG_WARN_DIRECT_OBJC_ISA_USAGE = YES_ERROR;
				CLANG_WARN_EMPTY_BODY = YES;
				CLANG_WARN_ENUM_CONVERSION = YES;
				CLANG_WARN_INT_CONVERSION = YES;
				CLANG_WARN_OBJC_ROOT_CLASS = YES_ERROR;
				CLANG_WARN_UNREACHABLE_CODE = YES;
				CLANG_WARN__DUPLICATE_METHOD_MATCH = YES;
				CODE_SIGN_IDENTITY = "iPhone Developer: Chongyuan Yang (G4WS6AGV3C)";
				"CODE_SIGN_IDENTITY[sdk=iphoneos*]" = "iPhone Developer: Chongyuan Yang (G4WS6AGV3C)";
				COPY_PHASE_STRIP = NO;
				ENABLE_STRICT_OBJC_MSGSEND = YES;
				GCC_C_LANGUAGE_STANDARD = gnu99;
				GCC_DYNAMIC_NO_PIC = NO;
				GCC_OPTIMIZATION_LEVEL = 0;
				GCC_PREPROCESSOR_DEFINITIONS = (
					"DEBUG=1",
					"$(inherited)",
				);
				GCC_SYMBOLS_PRIVATE_EXTERN = NO;
				GCC_WARN_64_TO_32_BIT_CONVERSION = YES;
				GCC_WARN_ABOUT_RETURN_TYPE = YES_ERROR;
				GCC_WARN_UNDECLARED_SELECTOR = YES;
				GCC_WARN_UNINITIALIZED_AUTOS = YES_AGGRESSIVE;
				GCC_WARN_UNUSED_FUNCTION = YES;
				GCC_WARN_UNUSED_VARIABLE = YES;
				IPHONEOS_DEPLOYMENT_TARGET = 8.0;
				MTL_ENABLE_DEBUG_INFO = YES;
				ONLY_ACTIVE_ARCH = YES;
				PROVISIONING_PROFILE = "db33e510-0746-4fad-996c-5cdda08bce31";
				SDKROOT = iphoneos;
				TARGETED_DEVICE_FAMILY = "1,2";
			};
			name = Debug;
		};
		13312A9D19DA5ACA00FF2EE5 /* Release */ = {
			isa = XCBuildConfiguration;
			buildSettings = {
				ALWAYS_SEARCH_USER_PATHS = NO;
				CLANG_CXX_LANGUAGE_STANDARD = "gnu++0x";
				CLANG_CXX_LIBRARY = "libc++";
				CLANG_ENABLE_MODULES = YES;
				CLANG_ENABLE_OBJC_ARC = YES;
				CLANG_WARN_BOOL_CONVERSION = YES;
				CLANG_WARN_CONSTANT_CONVERSION = YES;
				CLANG_WARN_DIRECT_OBJC_ISA_USAGE = YES_ERROR;
				CLANG_WARN_EMPTY_BODY = YES;
				CLANG_WARN_ENUM_CONVERSION = YES;
				CLANG_WARN_INT_CONVERSION = YES;
				CLANG_WARN_OBJC_ROOT_CLASS = YES_ERROR;
				CLANG_WARN_UNREACHABLE_CODE = YES;
				CLANG_WARN__DUPLICATE_METHOD_MATCH = YES;
				CODE_SIGN_IDENTITY = "iPhone Developer: Chongyuan Yang (G4WS6AGV3C)";
				"CODE_SIGN_IDENTITY[sdk=iphoneos*]" = "iPhone Developer: Chongyuan Yang (G4WS6AGV3C)";
				COPY_PHASE_STRIP = YES;
				ENABLE_NS_ASSERTIONS = NO;
				ENABLE_STRICT_OBJC_MSGSEND = YES;
				GCC_C_LANGUAGE_STANDARD = gnu99;
				GCC_WARN_64_TO_32_BIT_CONVERSION = YES;
				GCC_WARN_ABOUT_RETURN_TYPE = YES_ERROR;
				GCC_WARN_UNDECLARED_SELECTOR = YES;
				GCC_WARN_UNINITIALIZED_AUTOS = YES_AGGRESSIVE;
				GCC_WARN_UNUSED_FUNCTION = YES;
				GCC_WARN_UNUSED_VARIABLE = YES;
				IPHONEOS_DEPLOYMENT_TARGET = 8.0;
				MTL_ENABLE_DEBUG_INFO = NO;
				PROVISIONING_PROFILE = "db33e510-0746-4fad-996c-5cdda08bce31";
				SDKROOT = iphoneos;
				TARGETED_DEVICE_FAMILY = "1,2";
				VALIDATE_PRODUCT = YES;
			};
			name = Release;
		};
		13312A9F19DA5ACA00FF2EE5 /* Debug */ = {
			isa = XCBuildConfiguration;
			baseConfigurationReference = 0BE871CC5D85BAFA14258666 /* Pods-s.debug.xcconfig */;
			buildSettings = {
				ASSETCATALOG_COMPILER_APPICON_NAME = AppIcon;
				ASSETCATALOG_COMPILER_LAUNCHIMAGE_NAME = LaunchImage;
				CODE_SIGN_IDENTITY = "iPhone Developer: Chongyuan Yang (G4WS6AGV3C)";
				FRAMEWORK_SEARCH_PATHS = (
					"$(inherited)",
					"/Users/wjt/Desktop/高德地图",
					"$(PROJECT_DIR)",
					"$(PROJECT_DIR)/UtilityFunction/GDMap",
				);
				GCC_PRECOMPILE_PREFIX_HEADER = YES;
				GCC_PREFIX_HEADER = "s/s-Prefix.pch";
				INFOPLIST_FILE = s/Info.plist;
				IPHONEOS_DEPLOYMENT_TARGET = 7.0;
				LD_RUNPATH_SEARCH_PATHS = "$(inherited) @executable_path/Frameworks";
				PRODUCT_NAME = "$(TARGET_NAME)";
				PROVISIONING_PROFILE = "db33e510-0746-4fad-996c-5cdda08bce31";
			};
			name = Debug;
		};
		13312AA019DA5ACA00FF2EE5 /* Release */ = {
			isa = XCBuildConfiguration;
			baseConfigurationReference = 4087DBF559F328A240A92CD0 /* Pods-s.release.xcconfig */;
			buildSettings = {
				ASSETCATALOG_COMPILER_APPICON_NAME = AppIcon;
				ASSETCATALOG_COMPILER_LAUNCHIMAGE_NAME = LaunchImage;
				CODE_SIGN_IDENTITY = "iPhone Developer: Chongyuan Yang (G4WS6AGV3C)";
				FRAMEWORK_SEARCH_PATHS = (
					"$(inherited)",
					"/Users/wjt/Desktop/高德地图",
					"$(PROJECT_DIR)",
					"$(PROJECT_DIR)/UtilityFunction/GDMap",
				);
				GCC_PRECOMPILE_PREFIX_HEADER = YES;
				GCC_PREFIX_HEADER = "s/s-Prefix.pch";
				INFOPLIST_FILE = s/Info.plist;
				IPHONEOS_DEPLOYMENT_TARGET = 7.0;
				LD_RUNPATH_SEARCH_PATHS = "$(inherited) @executable_path/Frameworks";
				PRODUCT_NAME = "$(TARGET_NAME)";
				PROVISIONING_PROFILE = "db33e510-0746-4fad-996c-5cdda08bce31";
			};
			name = Release;
		};
/* End XCBuildConfiguration section */

/* Begin XCConfigurationList section */
		13312A7619DA5ACA00FF2EE5 /* Build configuration list for PBXProject "s" */ = {
			isa = XCConfigurationList;
			buildConfigurations = (
				13312A9C19DA5ACA00FF2EE5 /* Debug */,
				13312A9D19DA5ACA00FF2EE5 /* Release */,
			);
			defaultConfigurationIsVisible = 0;
			defaultConfigurationName = Release;
		};
		13312A9E19DA5ACA00FF2EE5 /* Build configuration list for PBXNativeTarget "s" */ = {
			isa = XCConfigurationList;
			buildConfigurations = (
				13312A9F19DA5ACA00FF2EE5 /* Debug */,
				13312AA019DA5ACA00FF2EE5 /* Release */,
			);
			defaultConfigurationIsVisible = 0;
			defaultConfigurationName = Release;
		};
/* End XCConfigurationList section */
	};
	rootObject = 13312A7319DA5ACA00FF2EE5 /* Project object */;
}
